// !$*UTF8*$!
{
	archiveVersion = 1;
	classes = {
	};
	objectVersion = 46;
	objects = {

/* Begin PBXAggregateTarget section */
		42C0410A1B86013A002C4EBF /* Framework */ = {
			isa = PBXAggregateTarget;
			buildConfigurationList = 42C0410B1B86013A002C4EBF /* Build configuration list for PBXAggregateTarget "Framework" */;
			buildPhases = (
				42C041101B860149002C4EBF /* ShellScript */,
			);
			dependencies = (
				42C0410F1B860148002C4EBF /* PBXTargetDependency */,
			);
			name = Framework;
			productName = Framework;
		};
/* End PBXAggregateTarget section */

/* Begin PBXBuildFile section */
		42C040741B860000002C4EBF /* DTFoundation-Prefix.pch in Headers */ = {isa = PBXBuildFile; fileRef = 42C03FCB1B860000002C4EBF /* DTFoundation-Prefix.pch */; settings = {ATTRIBUTES = (Public, ); }; };
		42C040751B860000002C4EBF /* DTFoundation.h in Headers */ = {isa = PBXBuildFile; fileRef = 42C03FCC1B860000002C4EBF /* DTFoundation.h */; settings = {ATTRIBUTES = (Public, ); }; };
		42C040761B860000002C4EBF /* DTASN1BitString.h in Headers */ = {isa = PBXBuildFile; fileRef = 42C03FCF1B860000002C4EBF /* DTASN1BitString.h */; settings = {ATTRIBUTES = (Public, ); }; };
		42C040771B860000002C4EBF /* DTASN1BitString.m in Sources */ = {isa = PBXBuildFile; fileRef = 42C03FD01B860000002C4EBF /* DTASN1BitString.m */; };
		42C040781B860000002C4EBF /* DTASN1Parser.h in Headers */ = {isa = PBXBuildFile; fileRef = 42C03FD11B860000002C4EBF /* DTASN1Parser.h */; settings = {ATTRIBUTES = (Public, ); }; };
		42C040791B860000002C4EBF /* DTASN1Parser.m in Sources */ = {isa = PBXBuildFile; fileRef = 42C03FD21B860000002C4EBF /* DTASN1Parser.m */; };
		42C0407A1B860000002C4EBF /* DTASN1Serialization.h in Headers */ = {isa = PBXBuildFile; fileRef = 42C03FD31B860000002C4EBF /* DTASN1Serialization.h */; settings = {ATTRIBUTES = (Public, ); }; };
		42C0407B1B860000002C4EBF /* DTASN1Serialization.m in Sources */ = {isa = PBXBuildFile; fileRef = 42C03FD41B860000002C4EBF /* DTASN1Serialization.m */; };
		42C0407C1B860000002C4EBF /* DTAsyncFileDeleter.h in Headers */ = {isa = PBXBuildFile; fileRef = 42C03FD51B860000002C4EBF /* DTAsyncFileDeleter.h */; settings = {ATTRIBUTES = (Public, ); }; };
		42C0407D1B860000002C4EBF /* DTAsyncFileDeleter.m in Sources */ = {isa = PBXBuildFile; fileRef = 42C03FD61B860000002C4EBF /* DTAsyncFileDeleter.m */; };
		42C0407E1B860000002C4EBF /* NSURL+DTAWS.h in Headers */ = {isa = PBXBuildFile; fileRef = 42C03FD81B860000002C4EBF /* NSURL+DTAWS.h */; settings = {ATTRIBUTES = (Public, ); }; };
		42C0407F1B860000002C4EBF /* NSURL+DTAWS.m in Sources */ = {isa = PBXBuildFile; fileRef = 42C03FD91B860000002C4EBF /* NSURL+DTAWS.m */; };
		42C040801B860000002C4EBF /* DTBase64Coding.h in Headers */ = {isa = PBXBuildFile; fileRef = 42C03FDA1B860000002C4EBF /* DTBase64Coding.h */; settings = {ATTRIBUTES = (Public, ); }; };
		42C040811B860000002C4EBF /* DTBase64Coding.m in Sources */ = {isa = PBXBuildFile; fileRef = 42C03FDB1B860000002C4EBF /* DTBase64Coding.m */; };
		42C040821B860000002C4EBF /* DTBlockFunctions.h in Headers */ = {isa = PBXBuildFile; fileRef = 42C03FDC1B860000002C4EBF /* DTBlockFunctions.h */; settings = {ATTRIBUTES = (Public, ); }; };
		42C040831B860000002C4EBF /* DTBlockFunctions.m in Sources */ = {isa = PBXBuildFile; fileRef = 42C03FDD1B860000002C4EBF /* DTBlockFunctions.m */; };
		42C040841B860000002C4EBF /* DTCompatibility.h in Headers */ = {isa = PBXBuildFile; fileRef = 42C03FDE1B860000002C4EBF /* DTCompatibility.h */; settings = {ATTRIBUTES = (Public, ); }; };
		42C040851B860000002C4EBF /* DTCoreGraphicsUtils.h in Headers */ = {isa = PBXBuildFile; fileRef = 42C03FDF1B860000002C4EBF /* DTCoreGraphicsUtils.h */; settings = {ATTRIBUTES = (Public, ); }; };
		42C040861B860000002C4EBF /* DTCoreGraphicsUtils.m in Sources */ = {isa = PBXBuildFile; fileRef = 42C03FE01B860000002C4EBF /* DTCoreGraphicsUtils.m */; };
		42C040871B860000002C4EBF /* DTExtendedFileAttributes.h in Headers */ = {isa = PBXBuildFile; fileRef = 42C03FE11B860000002C4EBF /* DTExtendedFileAttributes.h */; settings = {ATTRIBUTES = (Public, ); }; };
		42C040881B860000002C4EBF /* DTExtendedFileAttributes.m in Sources */ = {isa = PBXBuildFile; fileRef = 42C03FE21B860000002C4EBF /* DTExtendedFileAttributes.m */; };
		42C040891B860000002C4EBF /* DTFolderMonitor.h in Headers */ = {isa = PBXBuildFile; fileRef = 42C03FE31B860000002C4EBF /* DTFolderMonitor.h */; settings = {ATTRIBUTES = (Public, ); }; };
		42C0408A1B860000002C4EBF /* DTFolderMonitor.m in Sources */ = {isa = PBXBuildFile; fileRef = 42C03FE41B860000002C4EBF /* DTFolderMonitor.m */; };
		42C0408B1B860000002C4EBF /* DTFoundationConstants.h in Headers */ = {isa = PBXBuildFile; fileRef = 42C03FE51B860000002C4EBF /* DTFoundationConstants.h */; settings = {ATTRIBUTES = (Public, ); }; };
		42C0408C1B860000002C4EBF /* DTFoundationConstants.m in Sources */ = {isa = PBXBuildFile; fileRef = 42C03FE61B860000002C4EBF /* DTFoundationConstants.m */; };
		42C0408D1B860000002C4EBF /* DTHTMLParser.h in Headers */ = {isa = PBXBuildFile; fileRef = 42C03FE81B860000002C4EBF /* DTHTMLParser.h */; settings = {ATTRIBUTES = (Public, ); }; };
		42C0408E1B860000002C4EBF /* DTHTMLParser.m in Sources */ = {isa = PBXBuildFile; fileRef = 42C03FE91B860000002C4EBF /* DTHTMLParser.m */; };
		42C0408F1B860000002C4EBF /* DTLog.h in Headers */ = {isa = PBXBuildFile; fileRef = 42C03FEA1B860000002C4EBF /* DTLog.h */; settings = {ATTRIBUTES = (Public, ); }; };
		42C040901B860000002C4EBF /* DTLog.m in Sources */ = {isa = PBXBuildFile; fileRef = 42C03FEB1B860000002C4EBF /* DTLog.m */; };
		42C040911B860000002C4EBF /* DTReachability.h in Headers */ = {isa = PBXBuildFile; fileRef = 42C03FED1B860000002C4EBF /* DTReachability.h */; settings = {ATTRIBUTES = (Public, ); }; };
		42C040921B860000002C4EBF /* DTReachability.m in Sources */ = {isa = PBXBuildFile; fileRef = 42C03FEE1B860000002C4EBF /* DTReachability.m */; };
		42C040931B860000002C4EBF /* DTScriptExpression.h in Headers */ = {isa = PBXBuildFile; fileRef = 42C03FF01B860000002C4EBF /* DTScriptExpression.h */; settings = {ATTRIBUTES = (Public, ); }; };
		42C040941B860000002C4EBF /* DTScriptExpression.m in Sources */ = {isa = PBXBuildFile; fileRef = 42C03FF11B860000002C4EBF /* DTScriptExpression.m */; };
		42C040951B860000002C4EBF /* DTScriptVariable.h in Headers */ = {isa = PBXBuildFile; fileRef = 42C03FF21B860000002C4EBF /* DTScriptVariable.h */; settings = {ATTRIBUTES = (Public, ); }; };
		42C040961B860000002C4EBF /* DTScriptVariable.m in Sources */ = {isa = PBXBuildFile; fileRef = 42C03FF31B860000002C4EBF /* DTScriptVariable.m */; };
		42C040971B860000002C4EBF /* NSScanner+DTScripting.h in Headers */ = {isa = PBXBuildFile; fileRef = 42C03FF41B860000002C4EBF /* NSScanner+DTScripting.h */; settings = {ATTRIBUTES = (Public, ); }; };
		42C040981B860000002C4EBF /* NSScanner+DTScripting.m in Sources */ = {isa = PBXBuildFile; fileRef = 42C03FF51B860000002C4EBF /* NSScanner+DTScripting.m */; };
		42C040991B860000002C4EBF /* DTSQLiteDatabase.h in Headers */ = {isa = PBXBuildFile; fileRef = 42C03FF71B860000002C4EBF /* DTSQLiteDatabase.h */; settings = {ATTRIBUTES = (Public, ); }; };
		42C0409A1B860000002C4EBF /* DTSQLiteDatabase.m in Sources */ = {isa = PBXBuildFile; fileRef = 42C03FF81B860000002C4EBF /* DTSQLiteDatabase.m */; };
		42C0409B1B860000002C4EBF /* DTSQLiteFunctions.h in Headers */ = {isa = PBXBuildFile; fileRef = 42C03FF91B860000002C4EBF /* DTSQLiteFunctions.h */; settings = {ATTRIBUTES = (Public, ); }; };
		42C0409C1B860000002C4EBF /* DTSQLiteFunctions.m in Sources */ = {isa = PBXBuildFile; fileRef = 42C03FFA1B860000002C4EBF /* DTSQLiteFunctions.m */; };
		42C0409D1B860000002C4EBF /* NSString+DTUTI.h in Headers */ = {isa = PBXBuildFile; fileRef = 42C03FFC1B860000002C4EBF /* NSString+DTUTI.h */; settings = {ATTRIBUTES = (Public, ); }; };
		42C0409E1B860000002C4EBF /* NSString+DTUTI.m in Sources */ = {isa = PBXBuildFile; fileRef = 42C03FFD1B860000002C4EBF /* NSString+DTUTI.m */; };
		42C0409F1B860000002C4EBF /* DTVersion.h in Headers */ = {isa = PBXBuildFile; fileRef = 42C03FFE1B860000002C4EBF /* DTVersion.h */; settings = {ATTRIBUTES = (Public, ); }; };
		42C040A01B860000002C4EBF /* DTVersion.m in Sources */ = {isa = PBXBuildFile; fileRef = 42C03FFF1B860000002C4EBF /* DTVersion.m */; };
		42C040A11B860000002C4EBF /* DTWeakSupport.h in Headers */ = {isa = PBXBuildFile; fileRef = 42C040001B860000002C4EBF /* DTWeakSupport.h */; settings = {ATTRIBUTES = (Public, ); }; };
		42C040A21B860000002C4EBF /* DTZipArchive.h in Headers */ = {isa = PBXBuildFile; fileRef = 42C040021B860000002C4EBF /* DTZipArchive.h */; settings = {ATTRIBUTES = (Public, ); }; };
		42C040A31B860000002C4EBF /* DTZipArchive.m in Sources */ = {isa = PBXBuildFile; fileRef = 42C040031B860000002C4EBF /* DTZipArchive.m */; };
		42C040A41B860000002C4EBF /* DTZipArchiveGZip.h in Headers */ = {isa = PBXBuildFile; fileRef = 42C040041B860000002C4EBF /* DTZipArchiveGZip.h */; settings = {ATTRIBUTES = (Public, ); }; };
		42C040A51B860000002C4EBF /* DTZipArchiveGZip.m in Sources */ = {isa = PBXBuildFile; fileRef = 42C040051B860000002C4EBF /* DTZipArchiveGZip.m */; };
		42C040A61B860000002C4EBF /* DTZipArchiveNode.h in Headers */ = {isa = PBXBuildFile; fileRef = 42C040061B860000002C4EBF /* DTZipArchiveNode.h */; settings = {ATTRIBUTES = (Public, ); }; };
		42C040A71B860000002C4EBF /* DTZipArchiveNode.m in Sources */ = {isa = PBXBuildFile; fileRef = 42C040071B860000002C4EBF /* DTZipArchiveNode.m */; };
		42C040A81B860000002C4EBF /* DTZipArchivePKZip.h in Headers */ = {isa = PBXBuildFile; fileRef = 42C040081B860000002C4EBF /* DTZipArchivePKZip.h */; settings = {ATTRIBUTES = (Public, ); }; };
		42C040A91B860000002C4EBF /* DTZipArchivePKZip.m in Sources */ = {isa = PBXBuildFile; fileRef = 42C040091B860000002C4EBF /* DTZipArchivePKZip.m */; };
		42C040AA1B860000002C4EBF /* crypt.h in Headers */ = {isa = PBXBuildFile; fileRef = 42C0400C1B860000002C4EBF /* crypt.h */; settings = {ATTRIBUTES = (Public, ); }; };
		42C040AB1B860000002C4EBF /* ioapi.c in Sources */ = {isa = PBXBuildFile; fileRef = 42C0400D1B860000002C4EBF /* ioapi.c */; };
		42C040AC1B860000002C4EBF /* ioapi.h in Headers */ = {isa = PBXBuildFile; fileRef = 42C0400E1B860000002C4EBF /* ioapi.h */; settings = {ATTRIBUTES = (Public, ); }; };
		42C040AD1B860000002C4EBF /* mztools.c in Sources */ = {isa = PBXBuildFile; fileRef = 42C0400F1B860000002C4EBF /* mztools.c */; };
		42C040AE1B860000002C4EBF /* mztools.h in Headers */ = {isa = PBXBuildFile; fileRef = 42C040101B860000002C4EBF /* mztools.h */; settings = {ATTRIBUTES = (Public, ); }; };
		42C040AF1B860000002C4EBF /* unzip.c in Sources */ = {isa = PBXBuildFile; fileRef = 42C040111B860000002C4EBF /* unzip.c */; };
		42C040B01B860000002C4EBF /* unzip.h in Headers */ = {isa = PBXBuildFile; fileRef = 42C040121B860000002C4EBF /* unzip.h */; settings = {ATTRIBUTES = (Public, ); }; };
		42C040B11B860000002C4EBF /* zip.c in Sources */ = {isa = PBXBuildFile; fileRef = 42C040131B860000002C4EBF /* zip.c */; };
		42C040B21B860000002C4EBF /* zip.h in Headers */ = {isa = PBXBuildFile; fileRef = 42C040141B860000002C4EBF /* zip.h */; settings = {ATTRIBUTES = (Public, ); }; };
		42C040B31B860000002C4EBF /* DTActionSheet.h in Headers */ = {isa = PBXBuildFile; fileRef = 42C040171B860000002C4EBF /* DTActionSheet.h */; settings = {ATTRIBUTES = (Public, ); }; };
		42C040B41B860000002C4EBF /* DTActionSheet.m in Sources */ = {isa = PBXBuildFile; fileRef = 42C040181B860000002C4EBF /* DTActionSheet.m */; };
		42C040B51B860000002C4EBF /* DTAlertView.h in Headers */ = {isa = PBXBuildFile; fileRef = 42C040191B860000002C4EBF /* DTAlertView.h */; settings = {ATTRIBUTES = (Public, ); }; };
		42C040B61B860000002C4EBF /* DTAlertView.m in Sources */ = {isa = PBXBuildFile; fileRef = 42C0401A1B860000002C4EBF /* DTAlertView.m */; };
		42C040B71B860000002C4EBF /* UIView+DTActionHandlers.h in Headers */ = {isa = PBXBuildFile; fileRef = 42C0401B1B860000002C4EBF /* UIView+DTActionHandlers.h */; settings = {ATTRIBUTES = (Public, ); }; };
		42C040B81B860000002C4EBF /* UIView+DTActionHandlers.m in Sources */ = {isa = PBXBuildFile; fileRef = 42C0401C1B860000002C4EBF /* UIView+DTActionHandlers.m */; };
		42C040B91B860000002C4EBF /* UIColor+DTDebug.h in Headers */ = {isa = PBXBuildFile; fileRef = 42C0401E1B860000002C4EBF /* UIColor+DTDebug.h */; settings = {ATTRIBUTES = (Public, ); }; };
		42C040BA1B860000002C4EBF /* UIColor+DTDebug.m in Sources */ = {isa = PBXBuildFile; fileRef = 42C0401F1B860000002C4EBF /* UIColor+DTDebug.m */; };
		42C040BB1B860000002C4EBF /* UIView+DTDebug.h in Headers */ = {isa = PBXBuildFile; fileRef = 42C040201B860000002C4EBF /* UIView+DTDebug.h */; settings = {ATTRIBUTES = (Public, ); }; };
		42C040BC1B860000002C4EBF /* UIView+DTDebug.m in Sources */ = {isa = PBXBuildFile; fileRef = 42C040211B860000002C4EBF /* UIView+DTDebug.m */; };
		42C040BD1B860000002C4EBF /* DTActivityTitleView.h in Headers */ = {isa = PBXBuildFile; fileRef = 42C040221B860000002C4EBF /* DTActivityTitleView.h */; settings = {ATTRIBUTES = (Public, ); }; };
		42C040BE1B860000002C4EBF /* DTActivityTitleView.m in Sources */ = {isa = PBXBuildFile; fileRef = 42C040231B860000002C4EBF /* DTActivityTitleView.m */; };
		42C040BF1B860000002C4EBF /* DTAnimatedGIF.h in Headers */ = {isa = PBXBuildFile; fileRef = 42C040251B860000002C4EBF /* DTAnimatedGIF.h */; settings = {ATTRIBUTES = (Public, ); }; };
		42C040C01B860000002C4EBF /* DTAnimatedGIF.m in Sources */ = {isa = PBXBuildFile; fileRef = 42C040261B860000002C4EBF /* DTAnimatedGIF.m */; };
		42C040C11B860000002C4EBF /* DTCustomColoredAccessory.h in Headers */ = {isa = PBXBuildFile; fileRef = 42C040271B860000002C4EBF /* DTCustomColoredAccessory.h */; settings = {ATTRIBUTES = (Public, ); }; };
		42C040C21B860000002C4EBF /* DTCustomColoredAccessory.m in Sources */ = {isa = PBXBuildFile; fileRef = 42C040281B860000002C4EBF /* DTCustomColoredAccessory.m */; };
		42C040C31B860000002C4EBF /* DTPieProgressIndicator.h in Headers */ = {isa = PBXBuildFile; fileRef = 42C040291B860000002C4EBF /* DTPieProgressIndicator.h */; settings = {ATTRIBUTES = (Public, ); }; };
		42C040C41B860000002C4EBF /* DTPieProgressIndicator.m in Sources */ = {isa = PBXBuildFile; fileRef = 42C0402A1B860000002C4EBF /* DTPieProgressIndicator.m */; };
		42C040C51B860000002C4EBF /* DTProgressHUD.h in Headers */ = {isa = PBXBuildFile; fileRef = 42C0402C1B860000002C4EBF /* DTProgressHUD.h */; settings = {ATTRIBUTES = (Public, ); }; };
		42C040C61B860000002C4EBF /* DTProgressHUD.m in Sources */ = {isa = PBXBuildFile; fileRef = 42C0402D1B860000002C4EBF /* DTProgressHUD.m */; };
		42C040C71B860000002C4EBF /* DTProgressHUDWindow.h in Headers */ = {isa = PBXBuildFile; fileRef = 42C0402E1B860000002C4EBF /* DTProgressHUDWindow.h */; settings = {ATTRIBUTES = (Public, ); }; };
		42C040C81B860000002C4EBF /* DTProgressHUDWindow.m in Sources */ = {isa = PBXBuildFile; fileRef = 42C0402F1B860000002C4EBF /* DTProgressHUDWindow.m */; };
		42C040C91B860000002C4EBF /* DTSidePanelController.h in Headers */ = {isa = PBXBuildFile; fileRef = 42C040311B860000002C4EBF /* DTSidePanelController.h */; settings = {ATTRIBUTES = (Public, ); }; };
		42C040CA1B860000002C4EBF /* DTSidePanelController.m in Sources */ = {isa = PBXBuildFile; fileRef = 42C040321B860000002C4EBF /* DTSidePanelController.m */; };
		42C040CB1B860000002C4EBF /* DTSidePanelControllerSegue.h in Headers */ = {isa = PBXBuildFile; fileRef = 42C040331B860000002C4EBF /* DTSidePanelControllerSegue.h */; settings = {ATTRIBUTES = (Public, ); }; };
		42C040CC1B860000002C4EBF /* DTSidePanelControllerSegue.m in Sources */ = {isa = PBXBuildFile; fileRef = 42C040341B860000002C4EBF /* DTSidePanelControllerSegue.m */; };
		42C040CD1B860000002C4EBF /* DTSidePanelPanGestureRecognizer.h in Headers */ = {isa = PBXBuildFile; fileRef = 42C040351B860000002C4EBF /* DTSidePanelPanGestureRecognizer.h */; settings = {ATTRIBUTES = (Public, ); }; };
		42C040CE1B860000002C4EBF /* DTSidePanelPanGestureRecognizer.m in Sources */ = {isa = PBXBuildFile; fileRef = 42C040361B860000002C4EBF /* DTSidePanelPanGestureRecognizer.m */; };
		42C040CF1B860000002C4EBF /* UIViewController+DTSidePanelController.h in Headers */ = {isa = PBXBuildFile; fileRef = 42C040371B860000002C4EBF /* UIViewController+DTSidePanelController.h */; settings = {ATTRIBUTES = (Public, ); }; };
		42C040D01B860000002C4EBF /* UIViewController+DTSidePanelController.m in Sources */ = {isa = PBXBuildFile; fileRef = 42C040381B860000002C4EBF /* UIViewController+DTSidePanelController.m */; };
		42C040D11B860000002C4EBF /* DTSmartPagingScrollView.h in Headers */ = {isa = PBXBuildFile; fileRef = 42C040391B860000002C4EBF /* DTSmartPagingScrollView.h */; settings = {ATTRIBUTES = (Public, ); }; };
		42C040D21B860000002C4EBF /* DTSmartPagingScrollView.m in Sources */ = {isa = PBXBuildFile; fileRef = 42C0403A1B860000002C4EBF /* DTSmartPagingScrollView.m */; };
		42C040D31B860000002C4EBF /* DTTiledLayerWithoutFade.h in Headers */ = {isa = PBXBuildFile; fileRef = 42C0403B1B860000002C4EBF /* DTTiledLayerWithoutFade.h */; settings = {ATTRIBUTES = (Public, ); }; };
		42C040D41B860000002C4EBF /* DTTiledLayerWithoutFade.m in Sources */ = {isa = PBXBuildFile; fileRef = 42C0403C1B860000002C4EBF /* DTTiledLayerWithoutFade.m */; };
		42C040D51B860000002C4EBF /* DTStripedLayer.h in Headers */ = {isa = PBXBuildFile; fileRef = 42C0403E1B860000002C4EBF /* DTStripedLayer.h */; settings = {ATTRIBUTES = (Public, ); }; };
		42C040D61B860000002C4EBF /* DTStripedLayer.m in Sources */ = {isa = PBXBuildFile; fileRef = 42C0403F1B860000002C4EBF /* DTStripedLayer.m */; };
		42C040D71B860000002C4EBF /* DTStripedLayerTile.h in Headers */ = {isa = PBXBuildFile; fileRef = 42C040401B860000002C4EBF /* DTStripedLayerTile.h */; settings = {ATTRIBUTES = (Public, ); }; };
		42C040D81B860000002C4EBF /* DTStripedLayerTile.m in Sources */ = {isa = PBXBuildFile; fileRef = 42C040411B860000002C4EBF /* DTStripedLayerTile.m */; };
		42C040D91B860000002C4EBF /* NSURL+DTAppLinks.h in Headers */ = {isa = PBXBuildFile; fileRef = 42C040421B860000002C4EBF /* NSURL+DTAppLinks.h */; settings = {ATTRIBUTES = (Public, ); }; };
		42C040DA1B860000002C4EBF /* NSURL+DTAppLinks.m in Sources */ = {isa = PBXBuildFile; fileRef = 42C040431B860000002C4EBF /* NSURL+DTAppLinks.m */; };
		42C040DB1B860000002C4EBF /* UIApplication+DTNetworkActivity.h in Headers */ = {isa = PBXBuildFile; fileRef = 42C040441B860000002C4EBF /* UIApplication+DTNetworkActivity.h */; settings = {ATTRIBUTES = (Public, ); }; };
		42C040DC1B860000002C4EBF /* UIApplication+DTNetworkActivity.m in Sources */ = {isa = PBXBuildFile; fileRef = 42C040451B860000002C4EBF /* UIApplication+DTNetworkActivity.m */; };
		42C040DD1B860000002C4EBF /* UIImage+DTFoundation.h in Headers */ = {isa = PBXBuildFile; fileRef = 42C040461B860000002C4EBF /* UIImage+DTFoundation.h */; settings = {ATTRIBUTES = (Public, ); }; };
		42C040DE1B860000002C4EBF /* UIImage+DTFoundation.m in Sources */ = {isa = PBXBuildFile; fileRef = 42C040471B860000002C4EBF /* UIImage+DTFoundation.m */; };
		42C040DF1B860000002C4EBF /* UIView+DTFoundation.h in Headers */ = {isa = PBXBuildFile; fileRef = 42C040481B860000002C4EBF /* UIView+DTFoundation.h */; settings = {ATTRIBUTES = (Public, ); }; };
		42C040E01B860000002C4EBF /* UIView+DTFoundation.m in Sources */ = {isa = PBXBuildFile; fileRef = 42C040491B860000002C4EBF /* UIView+DTFoundation.m */; };
		42C040E11B860000002C4EBF /* UIWebView+DTFoundation.h in Headers */ = {isa = PBXBuildFile; fileRef = 42C0404A1B860000002C4EBF /* UIWebView+DTFoundation.h */; settings = {ATTRIBUTES = (Public, ); }; };
		42C040E21B860000002C4EBF /* UIWebView+DTFoundation.m in Sources */ = {isa = PBXBuildFile; fileRef = 42C0404B1B860000002C4EBF /* UIWebView+DTFoundation.m */; };
		42C040E31B860000002C4EBF /* NSArray+DTError.h in Headers */ = {isa = PBXBuildFile; fileRef = 42C0404C1B860000002C4EBF /* NSArray+DTError.h */; settings = {ATTRIBUTES = (Public, ); }; };
		42C040E41B860000002C4EBF /* NSArray+DTError.m in Sources */ = {isa = PBXBuildFile; fileRef = 42C0404D1B860000002C4EBF /* NSArray+DTError.m */; };
		42C040E51B860000002C4EBF /* NSData+DTCrypto.h in Headers */ = {isa = PBXBuildFile; fileRef = 42C0404E1B860000002C4EBF /* NSData+DTCrypto.h */; settings = {ATTRIBUTES = (Public, ); }; };
		42C040E61B860000002C4EBF /* NSData+DTCrypto.m in Sources */ = {isa = PBXBuildFile; fileRef = 42C0404F1B860000002C4EBF /* NSData+DTCrypto.m */; };
		42C040E71B860000002C4EBF /* NSDictionary+DTError.h in Headers */ = {isa = PBXBuildFile; fileRef = 42C040501B860000002C4EBF /* NSDictionary+DTError.h */; settings = {ATTRIBUTES = (Public, ); }; };
		42C040E81B860000002C4EBF /* NSDictionary+DTError.m in Sources */ = {isa = PBXBuildFile; fileRef = 42C040511B860000002C4EBF /* NSDictionary+DTError.m */; };
		42C040E91B860000002C4EBF /* NSFileWrapper+DTCopying.h in Headers */ = {isa = PBXBuildFile; fileRef = 42C040521B860000002C4EBF /* NSFileWrapper+DTCopying.h */; settings = {ATTRIBUTES = (Public, ); }; };
		42C040EA1B860000002C4EBF /* NSFileWrapper+DTCopying.m in Sources */ = {isa = PBXBuildFile; fileRef = 42C040531B860000002C4EBF /* NSFileWrapper+DTCopying.m */; };
		42C040EB1B860000002C4EBF /* NSMutableArray+DTMoving.h in Headers */ = {isa = PBXBuildFile; fileRef = 42C040541B860000002C4EBF /* NSMutableArray+DTMoving.h */; settings = {ATTRIBUTES = (Public, ); }; };
		42C040EC1B860000002C4EBF /* NSMutableArray+DTMoving.m in Sources */ = {isa = PBXBuildFile; fileRef = 42C040551B860000002C4EBF /* NSMutableArray+DTMoving.m */; };
		42C040ED1B860000002C4EBF /* NSString+DTFormatNumbers.h in Headers */ = {isa = PBXBuildFile; fileRef = 42C040561B860000002C4EBF /* NSString+DTFormatNumbers.h */; settings = {ATTRIBUTES = (Public, ); }; };
		42C040EE1B860000002C4EBF /* NSString+DTFormatNumbers.m in Sources */ = {isa = PBXBuildFile; fileRef = 42C040571B860000002C4EBF /* NSString+DTFormatNumbers.m */; };
		42C040EF1B860000002C4EBF /* NSString+DTPaths.h in Headers */ = {isa = PBXBuildFile; fileRef = 42C040581B860000002C4EBF /* NSString+DTPaths.h */; settings = {ATTRIBUTES = (Public, ); }; };
		42C040F01B860000002C4EBF /* NSString+DTPaths.m in Sources */ = {isa = PBXBuildFile; fileRef = 42C040591B860000002C4EBF /* NSString+DTPaths.m */; };
		42C040F11B860000002C4EBF /* NSString+DTURLEncoding.h in Headers */ = {isa = PBXBuildFile; fileRef = 42C0405A1B860000002C4EBF /* NSString+DTURLEncoding.h */; settings = {ATTRIBUTES = (Public, ); }; };
		42C040F21B860000002C4EBF /* NSString+DTURLEncoding.m in Sources */ = {isa = PBXBuildFile; fileRef = 42C0405B1B860000002C4EBF /* NSString+DTURLEncoding.m */; };
		42C040F31B860000002C4EBF /* NSString+DTUtilities.h in Headers */ = {isa = PBXBuildFile; fileRef = 42C0405C1B860000002C4EBF /* NSString+DTUtilities.h */; settings = {ATTRIBUTES = (Public, ); }; };
		42C040F41B860000002C4EBF /* NSString+DTUtilities.m in Sources */ = {isa = PBXBuildFile; fileRef = 42C0405D1B860000002C4EBF /* NSString+DTUtilities.m */; };
		42C040F51B860000002C4EBF /* NSURL+DTComparing.h in Headers */ = {isa = PBXBuildFile; fileRef = 42C0405E1B860000002C4EBF /* NSURL+DTComparing.h */; settings = {ATTRIBUTES = (Public, ); }; };
		42C040F61B860000002C4EBF /* NSURL+DTComparing.m in Sources */ = {isa = PBXBuildFile; fileRef = 42C0405F1B860000002C4EBF /* NSURL+DTComparing.m */; };
		42C040F71B860000002C4EBF /* NSURL+DTUnshorten.h in Headers */ = {isa = PBXBuildFile; fileRef = 42C040601B860000002C4EBF /* NSURL+DTUnshorten.h */; settings = {ATTRIBUTES = (Public, ); }; };
		42C040F81B860000002C4EBF /* NSURL+DTUnshorten.m in Sources */ = {isa = PBXBuildFile; fileRef = 42C040611B860000002C4EBF /* NSURL+DTUnshorten.m */; };
		42C041051B860000002C4EBF /* DTObjectBlockExecutor.h in Headers */ = {isa = PBXBuildFile; fileRef = 42C040701B860000002C4EBF /* DTObjectBlockExecutor.h */; settings = {ATTRIBUTES = (Public, ); }; };
		42C041061B860000002C4EBF /* DTObjectBlockExecutor.m in Sources */ = {isa = PBXBuildFile; fileRef = 42C040711B860000002C4EBF /* DTObjectBlockExecutor.m */; };
		42C041071B860000002C4EBF /* NSObject+DTRuntime.h in Headers */ = {isa = PBXBuildFile; fileRef = 42C040721B860000002C4EBF /* NSObject+DTRuntime.h */; settings = {ATTRIBUTES = (Public, ); }; };
		42C041081B860000002C4EBF /* NSObject+DTRuntime.m in Sources */ = {isa = PBXBuildFile; fileRef = 42C040731B860000002C4EBF /* NSObject+DTRuntime.m */; };
/* End PBXBuildFile section */

/* Begin PBXContainerItemProxy section */
		42C0410E1B860148002C4EBF /* PBXContainerItemProxy */ = {
			isa = PBXContainerItemProxy;
			containerPortal = 42C03FA61B85FFA8002C4EBF /* Project object */;
			proxyType = 1;
			remoteGlobalIDString = 42C03FAD1B85FFA8002C4EBF;
			remoteInfo = DTFoundation;
		};
/* End PBXContainerItemProxy section */

/* Begin PBXCopyFilesBuildPhase section */
		42C03FAC1B85FFA8002C4EBF /* CopyFiles */ = {
			isa = PBXCopyFilesBuildPhase;
			buildActionMask = 2147483647;
			dstPath = "include/$(PRODUCT_NAME)";
			dstSubfolderSpec = 16;
			files = (
			);
			runOnlyForDeploymentPostprocessing = 0;
		};
/* End PBXCopyFilesBuildPhase section */

/* Begin PBXFileReference section */
		42C03FAE1B85FFA8002C4EBF /* libDTFoundation.a */ = {isa = PBXFileReference; explicitFileType = archive.ar; includeInIndex = 0; path = libDTFoundation.a; sourceTree = BUILT_PRODUCTS_DIR; };
		42C03FCB1B860000002C4EBF /* DTFoundation-Prefix.pch */ = {isa = PBXFileReference; fileEncoding = 4; lastKnownFileType = sourcecode.c.h; path = "DTFoundation-Prefix.pch"; sourceTree = "<group>"; };
		42C03FCC1B860000002C4EBF /* DTFoundation.h */ = {isa = PBXFileReference; fileEncoding = 4; lastKnownFileType = sourcecode.c.h; path = DTFoundation.h; sourceTree = "<group>"; };
		42C03FCF1B860000002C4EBF /* DTASN1BitString.h */ = {isa = PBXFileReference; fileEncoding = 4; lastKnownFileType = sourcecode.c.h; path = DTASN1BitString.h; sourceTree = "<group>"; };
		42C03FD01B860000002C4EBF /* DTASN1BitString.m */ = {isa = PBXFileReference; fileEncoding = 4; lastKnownFileType = sourcecode.c.objc; path = DTASN1BitString.m; sourceTree = "<group>"; };
		42C03FD11B860000002C4EBF /* DTASN1Parser.h */ = {isa = PBXFileReference; fileEncoding = 4; lastKnownFileType = sourcecode.c.h; path = DTASN1Parser.h; sourceTree = "<group>"; };
		42C03FD21B860000002C4EBF /* DTASN1Parser.m */ = {isa = PBXFileReference; fileEncoding = 4; lastKnownFileType = sourcecode.c.objc; path = DTASN1Parser.m; sourceTree = "<group>"; };
		42C03FD31B860000002C4EBF /* DTASN1Serialization.h */ = {isa = PBXFileReference; fileEncoding = 4; lastKnownFileType = sourcecode.c.h; path = DTASN1Serialization.h; sourceTree = "<group>"; };
		42C03FD41B860000002C4EBF /* DTASN1Serialization.m */ = {isa = PBXFileReference; fileEncoding = 4; lastKnownFileType = sourcecode.c.objc; path = DTASN1Serialization.m; sourceTree = "<group>"; };
		42C03FD51B860000002C4EBF /* DTAsyncFileDeleter.h */ = {isa = PBXFileReference; fileEncoding = 4; lastKnownFileType = sourcecode.c.h; path = DTAsyncFileDeleter.h; sourceTree = "<group>"; };
		42C03FD61B860000002C4EBF /* DTAsyncFileDeleter.m */ = {isa = PBXFileReference; fileEncoding = 4; lastKnownFileType = sourcecode.c.objc; path = DTAsyncFileDeleter.m; sourceTree = "<group>"; };
		42C03FD81B860000002C4EBF /* NSURL+DTAWS.h */ = {isa = PBXFileReference; fileEncoding = 4; lastKnownFileType = sourcecode.c.h; path = "NSURL+DTAWS.h"; sourceTree = "<group>"; };
		42C03FD91B860000002C4EBF /* NSURL+DTAWS.m */ = {isa = PBXFileReference; fileEncoding = 4; lastKnownFileType = sourcecode.c.objc; path = "NSURL+DTAWS.m"; sourceTree = "<group>"; };
		42C03FDA1B860000002C4EBF /* DTBase64Coding.h */ = {isa = PBXFileReference; fileEncoding = 4; lastKnownFileType = sourcecode.c.h; path = DTBase64Coding.h; sourceTree = "<group>"; };
		42C03FDB1B860000002C4EBF /* DTBase64Coding.m */ = {isa = PBXFileReference; fileEncoding = 4; lastKnownFileType = sourcecode.c.objc; path = DTBase64Coding.m; sourceTree = "<group>"; };
		42C03FDC1B860000002C4EBF /* DTBlockFunctions.h */ = {isa = PBXFileReference; fileEncoding = 4; lastKnownFileType = sourcecode.c.h; path = DTBlockFunctions.h; sourceTree = "<group>"; };
		42C03FDD1B860000002C4EBF /* DTBlockFunctions.m */ = {isa = PBXFileReference; fileEncoding = 4; lastKnownFileType = sourcecode.c.objc; path = DTBlockFunctions.m; sourceTree = "<group>"; };
		42C03FDE1B860000002C4EBF /* DTCompatibility.h */ = {isa = PBXFileReference; fileEncoding = 4; lastKnownFileType = sourcecode.c.h; path = DTCompatibility.h; sourceTree = "<group>"; };
		42C03FDF1B860000002C4EBF /* DTCoreGraphicsUtils.h */ = {isa = PBXFileReference; fileEncoding = 4; lastKnownFileType = sourcecode.c.h; path = DTCoreGraphicsUtils.h; sourceTree = "<group>"; };
		42C03FE01B860000002C4EBF /* DTCoreGraphicsUtils.m */ = {isa = PBXFileReference; fileEncoding = 4; lastKnownFileType = sourcecode.c.objc; path = DTCoreGraphicsUtils.m; sourceTree = "<group>"; };
		42C03FE11B860000002C4EBF /* DTExtendedFileAttributes.h */ = {isa = PBXFileReference; fileEncoding = 4; lastKnownFileType = sourcecode.c.h; path = DTExtendedFileAttributes.h; sourceTree = "<group>"; };
		42C03FE21B860000002C4EBF /* DTExtendedFileAttributes.m */ = {isa = PBXFileReference; fileEncoding = 4; lastKnownFileType = sourcecode.c.objc; path = DTExtendedFileAttributes.m; sourceTree = "<group>"; };
		42C03FE31B860000002C4EBF /* DTFolderMonitor.h */ = {isa = PBXFileReference; fileEncoding = 4; lastKnownFileType = sourcecode.c.h; path = DTFolderMonitor.h; sourceTree = "<group>"; };
		42C03FE41B860000002C4EBF /* DTFolderMonitor.m */ = {isa = PBXFileReference; fileEncoding = 4; lastKnownFileType = sourcecode.c.objc; path = DTFolderMonitor.m; sourceTree = "<group>"; };
		42C03FE51B860000002C4EBF /* DTFoundationConstants.h */ = {isa = PBXFileReference; fileEncoding = 4; lastKnownFileType = sourcecode.c.h; path = DTFoundationConstants.h; sourceTree = "<group>"; };
		42C03FE61B860000002C4EBF /* DTFoundationConstants.m */ = {isa = PBXFileReference; fileEncoding = 4; lastKnownFileType = sourcecode.c.objc; path = DTFoundationConstants.m; sourceTree = "<group>"; };
		42C03FE81B860000002C4EBF /* DTHTMLParser.h */ = {isa = PBXFileReference; fileEncoding = 4; lastKnownFileType = sourcecode.c.h; path = DTHTMLParser.h; sourceTree = "<group>"; };
		42C03FE91B860000002C4EBF /* DTHTMLParser.m */ = {isa = PBXFileReference; fileEncoding = 4; lastKnownFileType = sourcecode.c.objc; path = DTHTMLParser.m; sourceTree = "<group>"; };
		42C03FEA1B860000002C4EBF /* DTLog.h */ = {isa = PBXFileReference; fileEncoding = 4; lastKnownFileType = sourcecode.c.h; path = DTLog.h; sourceTree = "<group>"; };
		42C03FEB1B860000002C4EBF /* DTLog.m */ = {isa = PBXFileReference; fileEncoding = 4; lastKnownFileType = sourcecode.c.objc; path = DTLog.m; sourceTree = "<group>"; };
		42C03FED1B860000002C4EBF /* DTReachability.h */ = {isa = PBXFileReference; fileEncoding = 4; lastKnownFileType = sourcecode.c.h; path = DTReachability.h; sourceTree = "<group>"; };
		42C03FEE1B860000002C4EBF /* DTReachability.m */ = {isa = PBXFileReference; fileEncoding = 4; lastKnownFileType = sourcecode.c.objc; path = DTReachability.m; sourceTree = "<group>"; };
		42C03FF01B860000002C4EBF /* DTScriptExpression.h */ = {isa = PBXFileReference; fileEncoding = 4; lastKnownFileType = sourcecode.c.h; path = DTScriptExpression.h; sourceTree = "<group>"; };
		42C03FF11B860000002C4EBF /* DTScriptExpression.m */ = {isa = PBXFileReference; fileEncoding = 4; lastKnownFileType = sourcecode.c.objc; path = DTScriptExpression.m; sourceTree = "<group>"; };
		42C03FF21B860000002C4EBF /* DTScriptVariable.h */ = {isa = PBXFileReference; fileEncoding = 4; lastKnownFileType = sourcecode.c.h; path = DTScriptVariable.h; sourceTree = "<group>"; };
		42C03FF31B860000002C4EBF /* DTScriptVariable.m */ = {isa = PBXFileReference; fileEncoding = 4; lastKnownFileType = sourcecode.c.objc; path = DTScriptVariable.m; sourceTree = "<group>"; };
		42C03FF41B860000002C4EBF /* NSScanner+DTScripting.h */ = {isa = PBXFileReference; fileEncoding = 4; lastKnownFileType = sourcecode.c.h; path = "NSScanner+DTScripting.h"; sourceTree = "<group>"; };
		42C03FF51B860000002C4EBF /* NSScanner+DTScripting.m */ = {isa = PBXFileReference; fileEncoding = 4; lastKnownFileType = sourcecode.c.objc; path = "NSScanner+DTScripting.m"; sourceTree = "<group>"; };
		42C03FF71B860000002C4EBF /* DTSQLiteDatabase.h */ = {isa = PBXFileReference; fileEncoding = 4; lastKnownFileType = sourcecode.c.h; path = DTSQLiteDatabase.h; sourceTree = "<group>"; };
		42C03FF81B860000002C4EBF /* DTSQLiteDatabase.m */ = {isa = PBXFileReference; fileEncoding = 4; lastKnownFileType = sourcecode.c.objc; path = DTSQLiteDatabase.m; sourceTree = "<group>"; };
		42C03FF91B860000002C4EBF /* DTSQLiteFunctions.h */ = {isa = PBXFileReference; fileEncoding = 4; lastKnownFileType = sourcecode.c.h; path = DTSQLiteFunctions.h; sourceTree = "<group>"; };
		42C03FFA1B860000002C4EBF /* DTSQLiteFunctions.m */ = {isa = PBXFileReference; fileEncoding = 4; lastKnownFileType = sourcecode.c.objc; path = DTSQLiteFunctions.m; sourceTree = "<group>"; };
		42C03FFC1B860000002C4EBF /* NSString+DTUTI.h */ = {isa = PBXFileReference; fileEncoding = 4; lastKnownFileType = sourcecode.c.h; path = "NSString+DTUTI.h"; sourceTree = "<group>"; };
		42C03FFD1B860000002C4EBF /* NSString+DTUTI.m */ = {isa = PBXFileReference; fileEncoding = 4; lastKnownFileType = sourcecode.c.objc; path = "NSString+DTUTI.m"; sourceTree = "<group>"; };
		42C03FFE1B860000002C4EBF /* DTVersion.h */ = {isa = PBXFileReference; fileEncoding = 4; lastKnownFileType = sourcecode.c.h; path = DTVersion.h; sourceTree = "<group>"; };
		42C03FFF1B860000002C4EBF /* DTVersion.m */ = {isa = PBXFileReference; fileEncoding = 4; lastKnownFileType = sourcecode.c.objc; path = DTVersion.m; sourceTree = "<group>"; };
		42C040001B860000002C4EBF /* DTWeakSupport.h */ = {isa = PBXFileReference; fileEncoding = 4; lastKnownFileType = sourcecode.c.h; path = DTWeakSupport.h; sourceTree = "<group>"; };
		42C040021B860000002C4EBF /* DTZipArchive.h */ = {isa = PBXFileReference; fileEncoding = 4; lastKnownFileType = sourcecode.c.h; path = DTZipArchive.h; sourceTree = "<group>"; };
		42C040031B860000002C4EBF /* DTZipArchive.m */ = {isa = PBXFileReference; fileEncoding = 4; lastKnownFileType = sourcecode.c.objc; path = DTZipArchive.m; sourceTree = "<group>"; };
		42C040041B860000002C4EBF /* DTZipArchiveGZip.h */ = {isa = PBXFileReference; fileEncoding = 4; lastKnownFileType = sourcecode.c.h; path = DTZipArchiveGZip.h; sourceTree = "<group>"; };
		42C040051B860000002C4EBF /* DTZipArchiveGZip.m */ = {isa = PBXFileReference; fileEncoding = 4; lastKnownFileType = sourcecode.c.objc; path = DTZipArchiveGZip.m; sourceTree = "<group>"; };
		42C040061B860000002C4EBF /* DTZipArchiveNode.h */ = {isa = PBXFileReference; fileEncoding = 4; lastKnownFileType = sourcecode.c.h; path = DTZipArchiveNode.h; sourceTree = "<group>"; };
		42C040071B860000002C4EBF /* DTZipArchiveNode.m */ = {isa = PBXFileReference; fileEncoding = 4; lastKnownFileType = sourcecode.c.objc; path = DTZipArchiveNode.m; sourceTree = "<group>"; };
		42C040081B860000002C4EBF /* DTZipArchivePKZip.h */ = {isa = PBXFileReference; fileEncoding = 4; lastKnownFileType = sourcecode.c.h; path = DTZipArchivePKZip.h; sourceTree = "<group>"; };
		42C040091B860000002C4EBF /* DTZipArchivePKZip.m */ = {isa = PBXFileReference; fileEncoding = 4; lastKnownFileType = sourcecode.c.objc; path = DTZipArchivePKZip.m; sourceTree = "<group>"; };
		42C0400C1B860000002C4EBF /* crypt.h */ = {isa = PBXFileReference; fileEncoding = 4; lastKnownFileType = sourcecode.c.h; path = crypt.h; sourceTree = "<group>"; };
		42C0400D1B860000002C4EBF /* ioapi.c */ = {isa = PBXFileReference; fileEncoding = 4; lastKnownFileType = sourcecode.c.c; path = ioapi.c; sourceTree = "<group>"; };
		42C0400E1B860000002C4EBF /* ioapi.h */ = {isa = PBXFileReference; fileEncoding = 4; lastKnownFileType = sourcecode.c.h; path = ioapi.h; sourceTree = "<group>"; };
		42C0400F1B860000002C4EBF /* mztools.c */ = {isa = PBXFileReference; fileEncoding = 4; lastKnownFileType = sourcecode.c.c; path = mztools.c; sourceTree = "<group>"; };
		42C040101B860000002C4EBF /* mztools.h */ = {isa = PBXFileReference; fileEncoding = 4; lastKnownFileType = sourcecode.c.h; path = mztools.h; sourceTree = "<group>"; };
		42C040111B860000002C4EBF /* unzip.c */ = {isa = PBXFileReference; fileEncoding = 4; lastKnownFileType = sourcecode.c.c; path = unzip.c; sourceTree = "<group>"; };
		42C040121B860000002C4EBF /* unzip.h */ = {isa = PBXFileReference; fileEncoding = 4; lastKnownFileType = sourcecode.c.h; path = unzip.h; sourceTree = "<group>"; };
		42C040131B860000002C4EBF /* zip.c */ = {isa = PBXFileReference; fileEncoding = 4; lastKnownFileType = sourcecode.c.c; path = zip.c; sourceTree = "<group>"; };
		42C040141B860000002C4EBF /* zip.h */ = {isa = PBXFileReference; fileEncoding = 4; lastKnownFileType = sourcecode.c.h; path = zip.h; sourceTree = "<group>"; };
		42C040171B860000002C4EBF /* DTActionSheet.h */ = {isa = PBXFileReference; fileEncoding = 4; lastKnownFileType = sourcecode.c.h; path = DTActionSheet.h; sourceTree = "<group>"; };
		42C040181B860000002C4EBF /* DTActionSheet.m */ = {isa = PBXFileReference; fileEncoding = 4; lastKnownFileType = sourcecode.c.objc; path = DTActionSheet.m; sourceTree = "<group>"; };
		42C040191B860000002C4EBF /* DTAlertView.h */ = {isa = PBXFileReference; fileEncoding = 4; lastKnownFileType = sourcecode.c.h; path = DTAlertView.h; sourceTree = "<group>"; };
		42C0401A1B860000002C4EBF /* DTAlertView.m */ = {isa = PBXFileReference; fileEncoding = 4; lastKnownFileType = sourcecode.c.objc; path = DTAlertView.m; sourceTree = "<group>"; };
		42C0401B1B860000002C4EBF /* UIView+DTActionHandlers.h */ = {isa = PBXFileReference; fileEncoding = 4; lastKnownFileType = sourcecode.c.h; path = "UIView+DTActionHandlers.h"; sourceTree = "<group>"; };
		42C0401C1B860000002C4EBF /* UIView+DTActionHandlers.m */ = {isa = PBXFileReference; fileEncoding = 4; lastKnownFileType = sourcecode.c.objc; path = "UIView+DTActionHandlers.m"; sourceTree = "<group>"; };
		42C0401E1B860000002C4EBF /* UIColor+DTDebug.h */ = {isa = PBXFileReference; fileEncoding = 4; lastKnownFileType = sourcecode.c.h; path = "UIColor+DTDebug.h"; sourceTree = "<group>"; };
		42C0401F1B860000002C4EBF /* UIColor+DTDebug.m */ = {isa = PBXFileReference; fileEncoding = 4; lastKnownFileType = sourcecode.c.objc; path = "UIColor+DTDebug.m"; sourceTree = "<group>"; };
		42C040201B860000002C4EBF /* UIView+DTDebug.h */ = {isa = PBXFileReference; fileEncoding = 4; lastKnownFileType = sourcecode.c.h; path = "UIView+DTDebug.h"; sourceTree = "<group>"; };
		42C040211B860000002C4EBF /* UIView+DTDebug.m */ = {isa = PBXFileReference; fileEncoding = 4; lastKnownFileType = sourcecode.c.objc; path = "UIView+DTDebug.m"; sourceTree = "<group>"; };
		42C040221B860000002C4EBF /* DTActivityTitleView.h */ = {isa = PBXFileReference; fileEncoding = 4; lastKnownFileType = sourcecode.c.h; path = DTActivityTitleView.h; sourceTree = "<group>"; };
		42C040231B860000002C4EBF /* DTActivityTitleView.m */ = {isa = PBXFileReference; fileEncoding = 4; lastKnownFileType = sourcecode.c.objc; path = DTActivityTitleView.m; sourceTree = "<group>"; };
		42C040251B860000002C4EBF /* DTAnimatedGIF.h */ = {isa = PBXFileReference; fileEncoding = 4; lastKnownFileType = sourcecode.c.h; path = DTAnimatedGIF.h; sourceTree = "<group>"; };
		42C040261B860000002C4EBF /* DTAnimatedGIF.m */ = {isa = PBXFileReference; fileEncoding = 4; lastKnownFileType = sourcecode.c.objc; path = DTAnimatedGIF.m; sourceTree = "<group>"; };
		42C040271B860000002C4EBF /* DTCustomColoredAccessory.h */ = {isa = PBXFileReference; fileEncoding = 4; lastKnownFileType = sourcecode.c.h; path = DTCustomColoredAccessory.h; sourceTree = "<group>"; };
		42C040281B860000002C4EBF /* DTCustomColoredAccessory.m */ = {isa = PBXFileReference; fileEncoding = 4; lastKnownFileType = sourcecode.c.objc; path = DTCustomColoredAccessory.m; sourceTree = "<group>"; };
		42C040291B860000002C4EBF /* DTPieProgressIndicator.h */ = {isa = PBXFileReference; fileEncoding = 4; lastKnownFileType = sourcecode.c.h; path = DTPieProgressIndicator.h; sourceTree = "<group>"; };
		42C0402A1B860000002C4EBF /* DTPieProgressIndicator.m */ = {isa = PBXFileReference; fileEncoding = 4; lastKnownFileType = sourcecode.c.objc; path = DTPieProgressIndicator.m; sourceTree = "<group>"; };
		42C0402C1B860000002C4EBF /* DTProgressHUD.h */ = {isa = PBXFileReference; fileEncoding = 4; lastKnownFileType = sourcecode.c.h; path = DTProgressHUD.h; sourceTree = "<group>"; };
		42C0402D1B860000002C4EBF /* DTProgressHUD.m */ = {isa = PBXFileReference; fileEncoding = 4; lastKnownFileType = sourcecode.c.objc; path = DTProgressHUD.m; sourceTree = "<group>"; };
		42C0402E1B860000002C4EBF /* DTProgressHUDWindow.h */ = {isa = PBXFileReference; fileEncoding = 4; lastKnownFileType = sourcecode.c.h; path = DTProgressHUDWindow.h; sourceTree = "<group>"; };
		42C0402F1B860000002C4EBF /* DTProgressHUDWindow.m */ = {isa = PBXFileReference; fileEncoding = 4; lastKnownFileType = sourcecode.c.objc; path = DTProgressHUDWindow.m; sourceTree = "<group>"; };
		42C040311B860000002C4EBF /* DTSidePanelController.h */ = {isa = PBXFileReference; fileEncoding = 4; lastKnownFileType = sourcecode.c.h; path = DTSidePanelController.h; sourceTree = "<group>"; };
		42C040321B860000002C4EBF /* DTSidePanelController.m */ = {isa = PBXFileReference; fileEncoding = 4; lastKnownFileType = sourcecode.c.objc; path = DTSidePanelController.m; sourceTree = "<group>"; };
		42C040331B860000002C4EBF /* DTSidePanelControllerSegue.h */ = {isa = PBXFileReference; fileEncoding = 4; lastKnownFileType = sourcecode.c.h; path = DTSidePanelControllerSegue.h; sourceTree = "<group>"; };
		42C040341B860000002C4EBF /* DTSidePanelControllerSegue.m */ = {isa = PBXFileReference; fileEncoding = 4; lastKnownFileType = sourcecode.c.objc; path = DTSidePanelControllerSegue.m; sourceTree = "<group>"; };
		42C040351B860000002C4EBF /* DTSidePanelPanGestureRecognizer.h */ = {isa = PBXFileReference; fileEncoding = 4; lastKnownFileType = sourcecode.c.h; path = DTSidePanelPanGestureRecognizer.h; sourceTree = "<group>"; };
		42C040361B860000002C4EBF /* DTSidePanelPanGestureRecognizer.m */ = {isa = PBXFileReference; fileEncoding = 4; lastKnownFileType = sourcecode.c.objc; path = DTSidePanelPanGestureRecognizer.m; sourceTree = "<group>"; };
		42C040371B860000002C4EBF /* UIViewController+DTSidePanelController.h */ = {isa = PBXFileReference; fileEncoding = 4; lastKnownFileType = sourcecode.c.h; path = "UIViewController+DTSidePanelController.h"; sourceTree = "<group>"; };
		42C040381B860000002C4EBF /* UIViewController+DTSidePanelController.m */ = {isa = PBXFileReference; fileEncoding = 4; lastKnownFileType = sourcecode.c.objc; path = "UIViewController+DTSidePanelController.m"; sourceTree = "<group>"; };
		42C040391B860000002C4EBF /* DTSmartPagingScrollView.h */ = {isa = PBXFileReference; fileEncoding = 4; lastKnownFileType = sourcecode.c.h; path = DTSmartPagingScrollView.h; sourceTree = "<group>"; };
		42C0403A1B860000002C4EBF /* DTSmartPagingScrollView.m */ = {isa = PBXFileReference; fileEncoding = 4; lastKnownFileType = sourcecode.c.objc; path = DTSmartPagingScrollView.m; sourceTree = "<group>"; };
		42C0403B1B860000002C4EBF /* DTTiledLayerWithoutFade.h */ = {isa = PBXFileReference; fileEncoding = 4; lastKnownFileType = sourcecode.c.h; path = DTTiledLayerWithoutFade.h; sourceTree = "<group>"; };
		42C0403C1B860000002C4EBF /* DTTiledLayerWithoutFade.m */ = {isa = PBXFileReference; fileEncoding = 4; lastKnownFileType = sourcecode.c.objc; path = DTTiledLayerWithoutFade.m; sourceTree = "<group>"; };
		42C0403E1B860000002C4EBF /* DTStripedLayer.h */ = {isa = PBXFileReference; fileEncoding = 4; lastKnownFileType = sourcecode.c.h; path = DTStripedLayer.h; sourceTree = "<group>"; };
		42C0403F1B860000002C4EBF /* DTStripedLayer.m */ = {isa = PBXFileReference; fileEncoding = 4; lastKnownFileType = sourcecode.c.objc; path = DTStripedLayer.m; sourceTree = "<group>"; };
		42C040401B860000002C4EBF /* DTStripedLayerTile.h */ = {isa = PBXFileReference; fileEncoding = 4; lastKnownFileType = sourcecode.c.h; path = DTStripedLayerTile.h; sourceTree = "<group>"; };
		42C040411B860000002C4EBF /* DTStripedLayerTile.m */ = {isa = PBXFileReference; fileEncoding = 4; lastKnownFileType = sourcecode.c.objc; path = DTStripedLayerTile.m; sourceTree = "<group>"; };
		42C040421B860000002C4EBF /* NSURL+DTAppLinks.h */ = {isa = PBXFileReference; fileEncoding = 4; lastKnownFileType = sourcecode.c.h; path = "NSURL+DTAppLinks.h"; sourceTree = "<group>"; };
		42C040431B860000002C4EBF /* NSURL+DTAppLinks.m */ = {isa = PBXFileReference; fileEncoding = 4; lastKnownFileType = sourcecode.c.objc; path = "NSURL+DTAppLinks.m"; sourceTree = "<group>"; };
		42C040441B860000002C4EBF /* UIApplication+DTNetworkActivity.h */ = {isa = PBXFileReference; fileEncoding = 4; lastKnownFileType = sourcecode.c.h; path = "UIApplication+DTNetworkActivity.h"; sourceTree = "<group>"; };
		42C040451B860000002C4EBF /* UIApplication+DTNetworkActivity.m */ = {isa = PBXFileReference; fileEncoding = 4; lastKnownFileType = sourcecode.c.objc; path = "UIApplication+DTNetworkActivity.m"; sourceTree = "<group>"; };
		42C040461B860000002C4EBF /* UIImage+DTFoundation.h */ = {isa = PBXFileReference; fileEncoding = 4; lastKnownFileType = sourcecode.c.h; path = "UIImage+DTFoundation.h"; sourceTree = "<group>"; };
		42C040471B860000002C4EBF /* UIImage+DTFoundation.m */ = {isa = PBXFileReference; fileEncoding = 4; lastKnownFileType = sourcecode.c.objc; path = "UIImage+DTFoundation.m"; sourceTree = "<group>"; };
		42C040481B860000002C4EBF /* UIView+DTFoundation.h */ = {isa = PBXFileReference; fileEncoding = 4; lastKnownFileType = sourcecode.c.h; path = "UIView+DTFoundation.h"; sourceTree = "<group>"; };
		42C040491B860000002C4EBF /* UIView+DTFoundation.m */ = {isa = PBXFileReference; fileEncoding = 4; lastKnownFileType = sourcecode.c.objc; path = "UIView+DTFoundation.m"; sourceTree = "<group>"; };
		42C0404A1B860000002C4EBF /* UIWebView+DTFoundation.h */ = {isa = PBXFileReference; fileEncoding = 4; lastKnownFileType = sourcecode.c.h; path = "UIWebView+DTFoundation.h"; sourceTree = "<group>"; };
		42C0404B1B860000002C4EBF /* UIWebView+DTFoundation.m */ = {isa = PBXFileReference; fileEncoding = 4; lastKnownFileType = sourcecode.c.objc; path = "UIWebView+DTFoundation.m"; sourceTree = "<group>"; };
		42C0404C1B860000002C4EBF /* NSArray+DTError.h */ = {isa = PBXFileReference; fileEncoding = 4; lastKnownFileType = sourcecode.c.h; path = "NSArray+DTError.h"; sourceTree = "<group>"; };
		42C0404D1B860000002C4EBF /* NSArray+DTError.m */ = {isa = PBXFileReference; fileEncoding = 4; lastKnownFileType = sourcecode.c.objc; path = "NSArray+DTError.m"; sourceTree = "<group>"; };
		42C0404E1B860000002C4EBF /* NSData+DTCrypto.h */ = {isa = PBXFileReference; fileEncoding = 4; lastKnownFileType = sourcecode.c.h; path = "NSData+DTCrypto.h"; sourceTree = "<group>"; };
		42C0404F1B860000002C4EBF /* NSData+DTCrypto.m */ = {isa = PBXFileReference; fileEncoding = 4; lastKnownFileType = sourcecode.c.objc; path = "NSData+DTCrypto.m"; sourceTree = "<group>"; };
		42C040501B860000002C4EBF /* NSDictionary+DTError.h */ = {isa = PBXFileReference; fileEncoding = 4; lastKnownFileType = sourcecode.c.h; path = "NSDictionary+DTError.h"; sourceTree = "<group>"; };
		42C040511B860000002C4EBF /* NSDictionary+DTError.m */ = {isa = PBXFileReference; fileEncoding = 4; lastKnownFileType = sourcecode.c.objc; path = "NSDictionary+DTError.m"; sourceTree = "<group>"; };
		42C040521B860000002C4EBF /* NSFileWrapper+DTCopying.h */ = {isa = PBXFileReference; fileEncoding = 4; lastKnownFileType = sourcecode.c.h; path = "NSFileWrapper+DTCopying.h"; sourceTree = "<group>"; };
		42C040531B860000002C4EBF /* NSFileWrapper+DTCopying.m */ = {isa = PBXFileReference; fileEncoding = 4; lastKnownFileType = sourcecode.c.objc; path = "NSFileWrapper+DTCopying.m"; sourceTree = "<group>"; };
		42C040541B860000002C4EBF /* NSMutableArray+DTMoving.h */ = {isa = PBXFileReference; fileEncoding = 4; lastKnownFileType = sourcecode.c.h; path = "NSMutableArray+DTMoving.h"; sourceTree = "<group>"; };
		42C040551B860000002C4EBF /* NSMutableArray+DTMoving.m */ = {isa = PBXFileReference; fileEncoding = 4; lastKnownFileType = sourcecode.c.objc; path = "NSMutableArray+DTMoving.m"; sourceTree = "<group>"; };
		42C040561B860000002C4EBF /* NSString+DTFormatNumbers.h */ = {isa = PBXFileReference; fileEncoding = 4; lastKnownFileType = sourcecode.c.h; path = "NSString+DTFormatNumbers.h"; sourceTree = "<group>"; };
		42C040571B860000002C4EBF /* NSString+DTFormatNumbers.m */ = {isa = PBXFileReference; fileEncoding = 4; lastKnownFileType = sourcecode.c.objc; path = "NSString+DTFormatNumbers.m"; sourceTree = "<group>"; };
		42C040581B860000002C4EBF /* NSString+DTPaths.h */ = {isa = PBXFileReference; fileEncoding = 4; lastKnownFileType = sourcecode.c.h; path = "NSString+DTPaths.h"; sourceTree = "<group>"; };
		42C040591B860000002C4EBF /* NSString+DTPaths.m */ = {isa = PBXFileReference; fileEncoding = 4; lastKnownFileType = sourcecode.c.objc; path = "NSString+DTPaths.m"; sourceTree = "<group>"; };
		42C0405A1B860000002C4EBF /* NSString+DTURLEncoding.h */ = {isa = PBXFileReference; fileEncoding = 4; lastKnownFileType = sourcecode.c.h; path = "NSString+DTURLEncoding.h"; sourceTree = "<group>"; };
		42C0405B1B860000002C4EBF /* NSString+DTURLEncoding.m */ = {isa = PBXFileReference; fileEncoding = 4; lastKnownFileType = sourcecode.c.objc; path = "NSString+DTURLEncoding.m"; sourceTree = "<group>"; };
		42C0405C1B860000002C4EBF /* NSString+DTUtilities.h */ = {isa = PBXFileReference; fileEncoding = 4; lastKnownFileType = sourcecode.c.h; path = "NSString+DTUtilities.h"; sourceTree = "<group>"; };
		42C0405D1B860000002C4EBF /* NSString+DTUtilities.m */ = {isa = PBXFileReference; fileEncoding = 4; lastKnownFileType = sourcecode.c.objc; path = "NSString+DTUtilities.m"; sourceTree = "<group>"; };
		42C0405E1B860000002C4EBF /* NSURL+DTComparing.h */ = {isa = PBXFileReference; fileEncoding = 4; lastKnownFileType = sourcecode.c.h; path = "NSURL+DTComparing.h"; sourceTree = "<group>"; };
		42C0405F1B860000002C4EBF /* NSURL+DTComparing.m */ = {isa = PBXFileReference; fileEncoding = 4; lastKnownFileType = sourcecode.c.objc; path = "NSURL+DTComparing.m"; sourceTree = "<group>"; };
		42C040601B860000002C4EBF /* NSURL+DTUnshorten.h */ = {isa = PBXFileReference; fileEncoding = 4; lastKnownFileType = sourcecode.c.h; path = "NSURL+DTUnshorten.h"; sourceTree = "<group>"; };
		42C040611B860000002C4EBF /* NSURL+DTUnshorten.m */ = {isa = PBXFileReference; fileEncoding = 4; lastKnownFileType = sourcecode.c.objc; path = "NSURL+DTUnshorten.m"; sourceTree = "<group>"; };
		42C040701B860000002C4EBF /* DTObjectBlockExecutor.h */ = {isa = PBXFileReference; fileEncoding = 4; lastKnownFileType = sourcecode.c.h; path = DTObjectBlockExecutor.h; sourceTree = "<group>"; };
		42C040711B860000002C4EBF /* DTObjectBlockExecutor.m */ = {isa = PBXFileReference; fileEncoding = 4; lastKnownFileType = sourcecode.c.objc; path = DTObjectBlockExecutor.m; sourceTree = "<group>"; };
		42C040721B860000002C4EBF /* NSObject+DTRuntime.h */ = {isa = PBXFileReference; fileEncoding = 4; lastKnownFileType = sourcecode.c.h; path = "NSObject+DTRuntime.h"; sourceTree = "<group>"; };
		42C040731B860000002C4EBF /* NSObject+DTRuntime.m */ = {isa = PBXFileReference; fileEncoding = 4; lastKnownFileType = sourcecode.c.objc; path = "NSObject+DTRuntime.m"; sourceTree = "<group>"; };
/* End PBXFileReference section */

/* Begin PBXFrameworksBuildPhase section */
		42C03FAB1B85FFA8002C4EBF /* Frameworks */ = {
			isa = PBXFrameworksBuildPhase;
			buildActionMask = 2147483647;
			files = (
			);
			runOnlyForDeploymentPostprocessing = 0;
		};
/* End PBXFrameworksBuildPhase section */

/* Begin PBXGroup section */
		42C03FA51B85FFA8002C4EBF = {
			isa = PBXGroup;
			children = (
				42C03FC91B860000002C4EBF /* Core */,
				42C03FAF1B85FFA8002C4EBF /* Products */,
			);
			sourceTree = "<group>";
		};
		42C03FAF1B85FFA8002C4EBF /* Products */ = {
			isa = PBXGroup;
			children = (
				42C03FAE1B85FFA8002C4EBF /* libDTFoundation.a */,
			);
			name = Products;
			sourceTree = "<group>";
		};
		42C03FC91B860000002C4EBF /* Core */ = {
			isa = PBXGroup;
			children = (
				42C03FCB1B860000002C4EBF /* DTFoundation-Prefix.pch */,
				42C03FCC1B860000002C4EBF /* DTFoundation.h */,
				42C03FCD1B860000002C4EBF /* Source */,
			);
			path = Core;
			sourceTree = "<group>";
		};
		42C03FCD1B860000002C4EBF /* Source */ = {
			isa = PBXGroup;
			children = (
				42C03FCE1B860000002C4EBF /* DTASN1 */,
				42C03FD51B860000002C4EBF /* DTAsyncFileDeleter.h */,
				42C03FD61B860000002C4EBF /* DTAsyncFileDeleter.m */,
				42C03FD71B860000002C4EBF /* DTAWS */,
				42C03FDA1B860000002C4EBF /* DTBase64Coding.h */,
				42C03FDB1B860000002C4EBF /* DTBase64Coding.m */,
				42C03FDC1B860000002C4EBF /* DTBlockFunctions.h */,
				42C03FDD1B860000002C4EBF /* DTBlockFunctions.m */,
				42C03FDE1B860000002C4EBF /* DTCompatibility.h */,
				42C03FDF1B860000002C4EBF /* DTCoreGraphicsUtils.h */,
				42C03FE01B860000002C4EBF /* DTCoreGraphicsUtils.m */,
				42C03FE11B860000002C4EBF /* DTExtendedFileAttributes.h */,
				42C03FE21B860000002C4EBF /* DTExtendedFileAttributes.m */,
				42C03FE31B860000002C4EBF /* DTFolderMonitor.h */,
				42C03FE41B860000002C4EBF /* DTFolderMonitor.m */,
				42C03FE51B860000002C4EBF /* DTFoundationConstants.h */,
				42C03FE61B860000002C4EBF /* DTFoundationConstants.m */,
				42C03FE71B860000002C4EBF /* DTHTMLParser */,
				42C03FEA1B860000002C4EBF /* DTLog.h */,
				42C03FEB1B860000002C4EBF /* DTLog.m */,
				42C03FEC1B860000002C4EBF /* DTReachability */,
				42C03FEF1B860000002C4EBF /* DTScripting */,
				42C03FF61B860000002C4EBF /* DTSQLite */,
				42C03FFB1B860000002C4EBF /* DTUTI */,
				42C03FFE1B860000002C4EBF /* DTVersion.h */,
				42C03FFF1B860000002C4EBF /* DTVersion.m */,
				42C040001B860000002C4EBF /* DTWeakSupport.h */,
				42C040011B860000002C4EBF /* DTZipArchive */,
				42C0400A1B860000002C4EBF /* Externals */,
				42C040151B860000002C4EBF /* iOS */,
				42C0404C1B860000002C4EBF /* NSArray+DTError.h */,
				42C0404D1B860000002C4EBF /* NSArray+DTError.m */,
				42C0404E1B860000002C4EBF /* NSData+DTCrypto.h */,
				42C0404F1B860000002C4EBF /* NSData+DTCrypto.m */,
				42C040501B860000002C4EBF /* NSDictionary+DTError.h */,
				42C040511B860000002C4EBF /* NSDictionary+DTError.m */,
				42C040521B860000002C4EBF /* NSFileWrapper+DTCopying.h */,
				42C040531B860000002C4EBF /* NSFileWrapper+DTCopying.m */,
				42C040541B860000002C4EBF /* NSMutableArray+DTMoving.h */,
				42C040551B860000002C4EBF /* NSMutableArray+DTMoving.m */,
				42C040561B860000002C4EBF /* NSString+DTFormatNumbers.h */,
				42C040571B860000002C4EBF /* NSString+DTFormatNumbers.m */,
				42C040581B860000002C4EBF /* NSString+DTPaths.h */,
				42C040591B860000002C4EBF /* NSString+DTPaths.m */,
				42C0405A1B860000002C4EBF /* NSString+DTURLEncoding.h */,
				42C0405B1B860000002C4EBF /* NSString+DTURLEncoding.m */,
				42C0405C1B860000002C4EBF /* NSString+DTUtilities.h */,
				42C0405D1B860000002C4EBF /* NSString+DTUtilities.m */,
				42C0405E1B860000002C4EBF /* NSURL+DTComparing.h */,
				42C0405F1B860000002C4EBF /* NSURL+DTComparing.m */,
				42C040601B860000002C4EBF /* NSURL+DTUnshorten.h */,
				42C040611B860000002C4EBF /* NSURL+DTUnshorten.m */,
				42C0406F1B860000002C4EBF /* Runtime */,
			);
			path = Source;
			sourceTree = "<group>";
		};
		42C03FCE1B860000002C4EBF /* DTASN1 */ = {
			isa = PBXGroup;
			children = (
				42C03FCF1B860000002C4EBF /* DTASN1BitString.h */,
				42C03FD01B860000002C4EBF /* DTASN1BitString.m */,
				42C03FD11B860000002C4EBF /* DTASN1Parser.h */,
				42C03FD21B860000002C4EBF /* DTASN1Parser.m */,
				42C03FD31B860000002C4EBF /* DTASN1Serialization.h */,
				42C03FD41B860000002C4EBF /* DTASN1Serialization.m */,
			);
			path = DTASN1;
			sourceTree = "<group>";
		};
		42C03FD71B860000002C4EBF /* DTAWS */ = {
			isa = PBXGroup;
			children = (
				42C03FD81B860000002C4EBF /* NSURL+DTAWS.h */,
				42C03FD91B860000002C4EBF /* NSURL+DTAWS.m */,
			);
			path = DTAWS;
			sourceTree = "<group>";
		};
		42C03FE71B860000002C4EBF /* DTHTMLParser */ = {
			isa = PBXGroup;
			children = (
				42C03FE81B860000002C4EBF /* DTHTMLParser.h */,
				42C03FE91B860000002C4EBF /* DTHTMLParser.m */,
			);
			path = DTHTMLParser;
			sourceTree = "<group>";
		};
		42C03FEC1B860000002C4EBF /* DTReachability */ = {
			isa = PBXGroup;
			children = (
				42C03FED1B860000002C4EBF /* DTReachability.h */,
				42C03FEE1B860000002C4EBF /* DTReachability.m */,
			);
			path = DTReachability;
			sourceTree = "<group>";
		};
		42C03FEF1B860000002C4EBF /* DTScripting */ = {
			isa = PBXGroup;
			children = (
				42C03FF01B860000002C4EBF /* DTScriptExpression.h */,
				42C03FF11B860000002C4EBF /* DTScriptExpression.m */,
				42C03FF21B860000002C4EBF /* DTScriptVariable.h */,
				42C03FF31B860000002C4EBF /* DTScriptVariable.m */,
				42C03FF41B860000002C4EBF /* NSScanner+DTScripting.h */,
				42C03FF51B860000002C4EBF /* NSScanner+DTScripting.m */,
			);
			path = DTScripting;
			sourceTree = "<group>";
		};
		42C03FF61B860000002C4EBF /* DTSQLite */ = {
			isa = PBXGroup;
			children = (
				42C03FF71B860000002C4EBF /* DTSQLiteDatabase.h */,
				42C03FF81B860000002C4EBF /* DTSQLiteDatabase.m */,
				42C03FF91B860000002C4EBF /* DTSQLiteFunctions.h */,
				42C03FFA1B860000002C4EBF /* DTSQLiteFunctions.m */,
			);
			path = DTSQLite;
			sourceTree = "<group>";
		};
		42C03FFB1B860000002C4EBF /* DTUTI */ = {
			isa = PBXGroup;
			children = (
				42C03FFC1B860000002C4EBF /* NSString+DTUTI.h */,
				42C03FFD1B860000002C4EBF /* NSString+DTUTI.m */,
			);
			path = DTUTI;
			sourceTree = "<group>";
		};
		42C040011B860000002C4EBF /* DTZipArchive */ = {
			isa = PBXGroup;
			children = (
				42C040021B860000002C4EBF /* DTZipArchive.h */,
				42C040031B860000002C4EBF /* DTZipArchive.m */,
				42C040041B860000002C4EBF /* DTZipArchiveGZip.h */,
				42C040051B860000002C4EBF /* DTZipArchiveGZip.m */,
				42C040061B860000002C4EBF /* DTZipArchiveNode.h */,
				42C040071B860000002C4EBF /* DTZipArchiveNode.m */,
				42C040081B860000002C4EBF /* DTZipArchivePKZip.h */,
				42C040091B860000002C4EBF /* DTZipArchivePKZip.m */,
			);
			path = DTZipArchive;
			sourceTree = "<group>";
		};
		42C0400A1B860000002C4EBF /* Externals */ = {
			isa = PBXGroup;
			children = (
				42C0400B1B860000002C4EBF /* minizip */,
			);
			path = Externals;
			sourceTree = "<group>";
		};
		42C0400B1B860000002C4EBF /* minizip */ = {
			isa = PBXGroup;
			children = (
				42C0400C1B860000002C4EBF /* crypt.h */,
				42C0400D1B860000002C4EBF /* ioapi.c */,
				42C0400E1B860000002C4EBF /* ioapi.h */,
				42C0400F1B860000002C4EBF /* mztools.c */,
				42C040101B860000002C4EBF /* mztools.h */,
				42C040111B860000002C4EBF /* unzip.c */,
				42C040121B860000002C4EBF /* unzip.h */,
				42C040131B860000002C4EBF /* zip.c */,
				42C040141B860000002C4EBF /* zip.h */,
			);
			path = minizip;
			sourceTree = "<group>";
		};
		42C040151B860000002C4EBF /* iOS */ = {
			isa = PBXGroup;
			children = (
				42C040161B860000002C4EBF /* BlocksAdditions */,
				42C0401D1B860000002C4EBF /* Debug */,
				42C040221B860000002C4EBF /* DTActivityTitleView.h */,
				42C040231B860000002C4EBF /* DTActivityTitleView.m */,
				42C040241B860000002C4EBF /* DTAnimatedGIF */,
				42C040271B860000002C4EBF /* DTCustomColoredAccessory.h */,
				42C040281B860000002C4EBF /* DTCustomColoredAccessory.m */,
				42C040291B860000002C4EBF /* DTPieProgressIndicator.h */,
				42C0402A1B860000002C4EBF /* DTPieProgressIndicator.m */,
				42C0402B1B860000002C4EBF /* DTProgressHUD */,
				42C040301B860000002C4EBF /* DTSidePanel */,
				42C040391B860000002C4EBF /* DTSmartPagingScrollView.h */,
				42C0403A1B860000002C4EBF /* DTSmartPagingScrollView.m */,
				42C0403B1B860000002C4EBF /* DTTiledLayerWithoutFade.h */,
				42C0403C1B860000002C4EBF /* DTTiledLayerWithoutFade.m */,
				42C0403D1B860000002C4EBF /* Experimental */,
				42C040421B860000002C4EBF /* NSURL+DTAppLinks.h */,
				42C040431B860000002C4EBF /* NSURL+DTAppLinks.m */,
				42C040441B860000002C4EBF /* UIApplication+DTNetworkActivity.h */,
				42C040451B860000002C4EBF /* UIApplication+DTNetworkActivity.m */,
				42C040461B860000002C4EBF /* UIImage+DTFoundation.h */,
				42C040471B860000002C4EBF /* UIImage+DTFoundation.m */,
				42C040481B860000002C4EBF /* UIView+DTFoundation.h */,
				42C040491B860000002C4EBF /* UIView+DTFoundation.m */,
				42C0404A1B860000002C4EBF /* UIWebView+DTFoundation.h */,
				42C0404B1B860000002C4EBF /* UIWebView+DTFoundation.m */,
			);
			path = iOS;
			sourceTree = "<group>";
		};
		42C040161B860000002C4EBF /* BlocksAdditions */ = {
			isa = PBXGroup;
			children = (
				42C040171B860000002C4EBF /* DTActionSheet.h */,
				42C040181B860000002C4EBF /* DTActionSheet.m */,
				42C040191B860000002C4EBF /* DTAlertView.h */,
				42C0401A1B860000002C4EBF /* DTAlertView.m */,
				42C0401B1B860000002C4EBF /* UIView+DTActionHandlers.h */,
				42C0401C1B860000002C4EBF /* UIView+DTActionHandlers.m */,
			);
			path = BlocksAdditions;
			sourceTree = "<group>";
		};
		42C0401D1B860000002C4EBF /* Debug */ = {
			isa = PBXGroup;
			children = (
				42C0401E1B860000002C4EBF /* UIColor+DTDebug.h */,
				42C0401F1B860000002C4EBF /* UIColor+DTDebug.m */,
				42C040201B860000002C4EBF /* UIView+DTDebug.h */,
				42C040211B860000002C4EBF /* UIView+DTDebug.m */,
			);
			path = Debug;
			sourceTree = "<group>";
		};
		42C040241B860000002C4EBF /* DTAnimatedGIF */ = {
			isa = PBXGroup;
			children = (
				42C040251B860000002C4EBF /* DTAnimatedGIF.h */,
				42C040261B860000002C4EBF /* DTAnimatedGIF.m */,
			);
			path = DTAnimatedGIF;
			sourceTree = "<group>";
		};
		42C0402B1B860000002C4EBF /* DTProgressHUD */ = {
			isa = PBXGroup;
			children = (
				42C0402C1B860000002C4EBF /* DTProgressHUD.h */,
				42C0402D1B860000002C4EBF /* DTProgressHUD.m */,
				42C0402E1B860000002C4EBF /* DTProgressHUDWindow.h */,
				42C0402F1B860000002C4EBF /* DTProgressHUDWindow.m */,
			);
			path = DTProgressHUD;
			sourceTree = "<group>";
		};
		42C040301B860000002C4EBF /* DTSidePanel */ = {
			isa = PBXGroup;
			children = (
				42C040311B860000002C4EBF /* DTSidePanelController.h */,
				42C040321B860000002C4EBF /* DTSidePanelController.m */,
				42C040331B860000002C4EBF /* DTSidePanelControllerSegue.h */,
				42C040341B860000002C4EBF /* DTSidePanelControllerSegue.m */,
				42C040351B860000002C4EBF /* DTSidePanelPanGestureRecognizer.h */,
				42C040361B860000002C4EBF /* DTSidePanelPanGestureRecognizer.m */,
				42C040371B860000002C4EBF /* UIViewController+DTSidePanelController.h */,
				42C040381B860000002C4EBF /* UIViewController+DTSidePanelController.m */,
			);
			path = DTSidePanel;
			sourceTree = "<group>";
		};
		42C0403D1B860000002C4EBF /* Experimental */ = {
			isa = PBXGroup;
			children = (
				42C0403E1B860000002C4EBF /* DTStripedLayer.h */,
				42C0403F1B860000002C4EBF /* DTStripedLayer.m */,
				42C040401B860000002C4EBF /* DTStripedLayerTile.h */,
				42C040411B860000002C4EBF /* DTStripedLayerTile.m */,
			);
			path = Experimental;
			sourceTree = "<group>";
		};
		42C0406F1B860000002C4EBF /* Runtime */ = {
			isa = PBXGroup;
			children = (
				42C040701B860000002C4EBF /* DTObjectBlockExecutor.h */,
				42C040711B860000002C4EBF /* DTObjectBlockExecutor.m */,
				42C040721B860000002C4EBF /* NSObject+DTRuntime.h */,
				42C040731B860000002C4EBF /* NSObject+DTRuntime.m */,
			);
			path = Runtime;
			sourceTree = "<group>";
		};
/* End PBXGroup section */

/* Begin PBXHeadersBuildPhase section */
		42C03FC81B85FFCB002C4EBF /* Headers */ = {
			isa = PBXHeadersBuildPhase;
			buildActionMask = 2147483647;
			files = (
				42C0408D1B860000002C4EBF /* DTHTMLParser.h in Headers */,
				42C040CB1B860000002C4EBF /* DTSidePanelControllerSegue.h in Headers */,
				42C040D51B860000002C4EBF /* DTStripedLayer.h in Headers */,
				42C040F71B860000002C4EBF /* NSURL+DTUnshorten.h in Headers */,
				42C040871B860000002C4EBF /* DTExtendedFileAttributes.h in Headers */,
				42C040781B860000002C4EBF /* DTASN1Parser.h in Headers */,
				42C040C71B860000002C4EBF /* DTProgressHUDWindow.h in Headers */,
				42C040DF1B860000002C4EBF /* UIView+DTFoundation.h in Headers */,
				42C040891B860000002C4EBF /* DTFolderMonitor.h in Headers */,
				42C0409B1B860000002C4EBF /* DTSQLiteFunctions.h in Headers */,
				42C040741B860000002C4EBF /* DTFoundation-Prefix.pch in Headers */,
				42C040B51B860000002C4EBF /* DTAlertView.h in Headers */,
				42C040761B860000002C4EBF /* DTASN1BitString.h in Headers */,
				42C040BB1B860000002C4EBF /* UIView+DTDebug.h in Headers */,
				42C040841B860000002C4EBF /* DTCompatibility.h in Headers */,
				42C040911B860000002C4EBF /* DTReachability.h in Headers */,
				42C040AA1B860000002C4EBF /* crypt.h in Headers */,
				42C040F31B860000002C4EBF /* NSString+DTUtilities.h in Headers */,
				42C040ED1B860000002C4EBF /* NSString+DTFormatNumbers.h in Headers */,
				42C040CD1B860000002C4EBF /* DTSidePanelPanGestureRecognizer.h in Headers */,
				42C040A11B860000002C4EBF /* DTWeakSupport.h in Headers */,
				42C040AC1B860000002C4EBF /* ioapi.h in Headers */,
				42C040E91B860000002C4EBF /* NSFileWrapper+DTCopying.h in Headers */,
				42C0408F1B860000002C4EBF /* DTLog.h in Headers */,
				42C040D11B860000002C4EBF /* DTSmartPagingScrollView.h in Headers */,
				42C040B31B860000002C4EBF /* DTActionSheet.h in Headers */,
				42C040851B860000002C4EBF /* DTCoreGraphicsUtils.h in Headers */,
				42C040B71B860000002C4EBF /* UIView+DTActionHandlers.h in Headers */,
				42C040991B860000002C4EBF /* DTSQLiteDatabase.h in Headers */,
				42C0407C1B860000002C4EBF /* DTAsyncFileDeleter.h in Headers */,
				42C040931B860000002C4EBF /* DTScriptExpression.h in Headers */,
				42C040B91B860000002C4EBF /* UIColor+DTDebug.h in Headers */,
				42C040A41B860000002C4EBF /* DTZipArchiveGZip.h in Headers */,
				42C041051B860000002C4EBF /* DTObjectBlockExecutor.h in Headers */,
				42C040B21B860000002C4EBF /* zip.h in Headers */,
				42C040A21B860000002C4EBF /* DTZipArchive.h in Headers */,
				42C040D31B860000002C4EBF /* DTTiledLayerWithoutFade.h in Headers */,
				42C040821B860000002C4EBF /* DTBlockFunctions.h in Headers */,
				42C040E11B860000002C4EBF /* UIWebView+DTFoundation.h in Headers */,
				42C040E51B860000002C4EBF /* NSData+DTCrypto.h in Headers */,
				42C0409F1B860000002C4EBF /* DTVersion.h in Headers */,
				42C040C91B860000002C4EBF /* DTSidePanelController.h in Headers */,
				42C040C51B860000002C4EBF /* DTProgressHUD.h in Headers */,
				42C0408B1B860000002C4EBF /* DTFoundationConstants.h in Headers */,
				42C040751B860000002C4EBF /* DTFoundation.h in Headers */,
				42C040BD1B860000002C4EBF /* DTActivityTitleView.h in Headers */,
				42C040AE1B860000002C4EBF /* mztools.h in Headers */,
				42C040E31B860000002C4EBF /* NSArray+DTError.h in Headers */,
				42C0407E1B860000002C4EBF /* NSURL+DTAWS.h in Headers */,
				42C0407A1B860000002C4EBF /* DTASN1Serialization.h in Headers */,
				42C040C31B860000002C4EBF /* DTPieProgressIndicator.h in Headers */,
				42C040D71B860000002C4EBF /* DTStripedLayerTile.h in Headers */,
				42C040C11B860000002C4EBF /* DTCustomColoredAccessory.h in Headers */,
				42C040A61B860000002C4EBF /* DTZipArchiveNode.h in Headers */,
				42C040801B860000002C4EBF /* DTBase64Coding.h in Headers */,
				42C040BF1B860000002C4EBF /* DTAnimatedGIF.h in Headers */,
				42C040F11B860000002C4EBF /* NSString+DTURLEncoding.h in Headers */,
				42C040DD1B860000002C4EBF /* UIImage+DTFoundation.h in Headers */,
				42C040971B860000002C4EBF /* NSScanner+DTScripting.h in Headers */,
				42C040CF1B860000002C4EBF /* UIViewController+DTSidePanelController.h in Headers */,
				42C0409D1B860000002C4EBF /* NSString+DTUTI.h in Headers */,
				42C040EB1B860000002C4EBF /* NSMutableArray+DTMoving.h in Headers */,
				42C041071B860000002C4EBF /* NSObject+DTRuntime.h in Headers */,
				42C040F51B860000002C4EBF /* NSURL+DTComparing.h in Headers */,
				42C040B01B860000002C4EBF /* unzip.h in Headers */,
				42C040E71B860000002C4EBF /* NSDictionary+DTError.h in Headers */,
				42C040D91B860000002C4EBF /* NSURL+DTAppLinks.h in Headers */,
				42C040A81B860000002C4EBF /* DTZipArchivePKZip.h in Headers */,
				42C040DB1B860000002C4EBF /* UIApplication+DTNetworkActivity.h in Headers */,
				42C040EF1B860000002C4EBF /* NSString+DTPaths.h in Headers */,
				42C040951B860000002C4EBF /* DTScriptVariable.h in Headers */,
			);
			runOnlyForDeploymentPostprocessing = 0;
		};
/* End PBXHeadersBuildPhase section */

/* Begin PBXNativeTarget section */
		42C03FAD1B85FFA8002C4EBF /* DTFoundation */ = {
			isa = PBXNativeTarget;
			buildConfigurationList = 42C03FC21B85FFA8002C4EBF /* Build configuration list for PBXNativeTarget "DTFoundation" */;
			buildPhases = (
				42C03FAA1B85FFA8002C4EBF /* Sources */,
				42C03FAB1B85FFA8002C4EBF /* Frameworks */,
				42C03FAC1B85FFA8002C4EBF /* CopyFiles */,
				42C03FC81B85FFCB002C4EBF /* Headers */,
				42C041091B860010002C4EBF /* ShellScript */,
			);
			buildRules = (
			);
			dependencies = (
			);
			name = DTFoundation;
			productName = DTFoundation;
			productReference = 42C03FAE1B85FFA8002C4EBF /* libDTFoundation.a */;
			productType = "com.apple.product-type.library.static";
		};
/* End PBXNativeTarget section */

/* Begin PBXProject section */
		42C03FA61B85FFA8002C4EBF /* Project object */ = {
			isa = PBXProject;
			attributes = {
				LastUpgradeCheck = 0640;
				ORGANIZATIONNAME = "Oleksandr Deundiak";
				TargetAttributes = {
					42C03FAD1B85FFA8002C4EBF = {
						CreatedOnToolsVersion = 6.4;
					};
					42C0410A1B86013A002C4EBF = {
						CreatedOnToolsVersion = 6.4;
					};
				};
			};
			buildConfigurationList = 42C03FA91B85FFA8002C4EBF /* Build configuration list for PBXProject "DTFoundation" */;
			compatibilityVersion = "Xcode 3.2";
			developmentRegion = English;
			hasScannedForEncodings = 0;
			knownRegions = (
				en,
			);
			mainGroup = 42C03FA51B85FFA8002C4EBF;
			productRefGroup = 42C03FAF1B85FFA8002C4EBF /* Products */;
			projectDirPath = "";
			projectRoot = "";
			targets = (
				42C03FAD1B85FFA8002C4EBF /* DTFoundation */,
				42C0410A1B86013A002C4EBF /* Framework */,
			);
		};
/* End PBXProject section */

/* Begin PBXShellScriptBuildPhase section */
		42C041091B860010002C4EBF /* ShellScript */ = {
			isa = PBXShellScriptBuildPhase;
			buildActionMask = 2147483647;
			files = (
			);
			inputPaths = (
			);
			outputPaths = (
			);
			runOnlyForDeploymentPostprocessing = 0;
			shellPath = /bin/sh;
			shellScript = "set -e\n\nmkdir -p \"${BUILT_PRODUCTS_DIR}/${PRODUCT_NAME}.framework/Versions/A/Headers\"\n\n# Link the \"Current\" version to \"A\"\n/bin/ln -sfh A \"${BUILT_PRODUCTS_DIR}/${PRODUCT_NAME}.framework/Versions/Current\"\n/bin/ln -sfh Versions/Current/Headers \"${BUILT_PRODUCTS_DIR}/${PRODUCT_NAME}.framework/Headers\"\n/bin/ln -sfh \"Versions/Current/${PRODUCT_NAME}\" \"${BUILT_PRODUCTS_DIR}/${PRODUCT_NAME}.framework/${PRODUCT_NAME}\"\n\n# The -a ensures that the headers maintain the source modification date so that we don't constantly\n# cause propagating rebuilds of files that import these headers.\n/bin/cp -a \"${TARGET_BUILD_DIR}/${PUBLIC_HEADERS_FOLDER_PATH}/\" \"${BUILT_PRODUCTS_DIR}/${PRODUCT_NAME}.framework/Versions/A/Headers\"";
		};
		42C041101B860149002C4EBF /* ShellScript */ = {
			isa = PBXShellScriptBuildPhase;
			buildActionMask = 2147483647;
			files = (
			);
			inputPaths = (
			);
			outputPaths = (
			);
			runOnlyForDeploymentPostprocessing = 0;
			shellPath = /bin/sh;
			shellScript = "set -e\nset +u\n# Avoid recursively calling this script.\nif [[ $SF_MASTER_SCRIPT_RUNNING ]]\nthen\nexit 0\nfi\nset -u\nexport SF_MASTER_SCRIPT_RUNNING=1\n\nSF_TARGET_NAME=${PROJECT_NAME}\nSF_EXECUTABLE_PATH=\"lib${SF_TARGET_NAME}.a\"\nSF_WRAPPER_NAME=\"${SF_TARGET_NAME}.framework\"\n\n# The following conditionals come from\n# https://github.com/kstenerud/iOS-Universal-Framework\n\nif [[ \"$SDK_NAME\" =~ ([A-Za-z]+) ]]\nthen\nSF_SDK_PLATFORM=${BASH_REMATCH[1]}\nelse\necho \"Could not find platform name from SDK_NAME: $SDK_NAME\"\nexit 1\nfi\n\nif [[ \"$SDK_NAME\" =~ ([0-9]+.*$) ]]\nthen\nSF_SDK_VERSION=${BASH_REMATCH[1]}\nelse\necho \"Could not find sdk version from SDK_NAME: $SDK_NAME\"\nexit 1\nfi\n\nif [[ \"$SF_SDK_PLATFORM\" = \"iphoneos\" ]]\nthen\nSF_OTHER_PLATFORM=iphonesimulator\nelse\nSF_OTHER_PLATFORM=iphoneos\nfi\n\nif [[ \"$BUILT_PRODUCTS_DIR\" =~ (.*)$SF_SDK_PLATFORM$ ]]\nthen\nSF_OTHER_BUILT_PRODUCTS_DIR=\"${BASH_REMATCH[1]}${SF_OTHER_PLATFORM}\"\nelse\necho \"Could not find platform name from build products directory: $BUILT_PRODUCTS_DIR\"\nexit 1\nfi\n\n# Build the other platform.\nxcrun xcodebuild -project \"${PROJECT_FILE_PATH}\" -target \"${TARGET_NAME}\" -configuration \"${CONFIGURATION}\" -sdk ${SF_OTHER_PLATFORM}${SF_SDK_VERSION} BUILD_DIR=\"${BUILD_DIR}\" OBJROOT=\"${OBJROOT}\" BUILD_ROOT=\"${BUILD_ROOT}\" SYMROOT=\"${SYMROOT}\" $ACTION\n\n# Smash the two static libraries into one fat binary and store it in the .framework\nxcrun lipo -create \"${BUILT_PRODUCTS_DIR}/${SF_EXECUTABLE_PATH}\" \"${SF_OTHER_BUILT_PRODUCTS_DIR}/${SF_EXECUTABLE_PATH}\" -output \"${BUILT_PRODUCTS_DIR}/${SF_WRAPPER_NAME}/Versions/A/${SF_TARGET_NAME}\"\n\n# Copy the binary to the other architecture folder to have a complete framework in both.\ncp -a \"${BUILT_PRODUCTS_DIR}/${SF_WRAPPER_NAME}/Versions/A/${SF_TARGET_NAME}\" \"${SF_OTHER_BUILT_PRODUCTS_DIR}/${SF_WRAPPER_NAME}/Versions/A/${SF_TARGET_NAME}\"";
		};
/* End PBXShellScriptBuildPhase section */

/* Begin PBXSourcesBuildPhase section */
		42C03FAA1B85FFA8002C4EBF /* Sources */ = {
			isa = PBXSourcesBuildPhase;
			buildActionMask = 2147483647;
			files = (
				42C040961B860000002C4EBF /* DTScriptVariable.m in Sources */,
				42C0409C1B860000002C4EBF /* DTSQLiteFunctions.m in Sources */,
				42C040B61B860000002C4EBF /* DTAlertView.m in Sources */,
				42C040EC1B860000002C4EBF /* NSMutableArray+DTMoving.m in Sources */,
				42C040DE1B860000002C4EBF /* UIImage+DTFoundation.m in Sources */,
				42C040E61B860000002C4EBF /* NSData+DTCrypto.m in Sources */,
				42C040F21B860000002C4EBF /* NSString+DTURLEncoding.m in Sources */,
				42C040AD1B860000002C4EBF /* mztools.c in Sources */,
				42C0408A1B860000002C4EBF /* DTFolderMonitor.m in Sources */,
				42C040A51B860000002C4EBF /* DTZipArchiveGZip.m in Sources */,
				42C040771B860000002C4EBF /* DTASN1BitString.m in Sources */,
				42C040F81B860000002C4EBF /* NSURL+DTUnshorten.m in Sources */,
				42C040D41B860000002C4EBF /* DTTiledLayerWithoutFade.m in Sources */,
				42C040DA1B860000002C4EBF /* NSURL+DTAppLinks.m in Sources */,
				42C040791B860000002C4EBF /* DTASN1Parser.m in Sources */,
				42C040941B860000002C4EBF /* DTScriptExpression.m in Sources */,
				42C040981B860000002C4EBF /* NSScanner+DTScripting.m in Sources */,
				42C040A71B860000002C4EBF /* DTZipArchiveNode.m in Sources */,
				42C040B11B860000002C4EBF /* zip.c in Sources */,
				42C040EE1B860000002C4EBF /* NSString+DTFormatNumbers.m in Sources */,
				42C040F61B860000002C4EBF /* NSURL+DTComparing.m in Sources */,
				42C040E01B860000002C4EBF /* UIView+DTFoundation.m in Sources */,
				42C040D01B860000002C4EBF /* UIViewController+DTSidePanelController.m in Sources */,
				42C0407D1B860000002C4EBF /* DTAsyncFileDeleter.m in Sources */,
				42C040A91B860000002C4EBF /* DTZipArchivePKZip.m in Sources */,
				42C040C61B860000002C4EBF /* DTProgressHUD.m in Sources */,
				42C040F41B860000002C4EBF /* NSString+DTUtilities.m in Sources */,
				42C040BE1B860000002C4EBF /* DTActivityTitleView.m in Sources */,
				42C040BA1B860000002C4EBF /* UIColor+DTDebug.m in Sources */,
				42C040861B860000002C4EBF /* DTCoreGraphicsUtils.m in Sources */,
				42C041061B860000002C4EBF /* DTObjectBlockExecutor.m in Sources */,
				42C0409A1B860000002C4EBF /* DTSQLiteDatabase.m in Sources */,
				42C0407B1B860000002C4EBF /* DTASN1Serialization.m in Sources */,
				42C040F01B860000002C4EBF /* NSString+DTPaths.m in Sources */,
				42C041081B860000002C4EBF /* NSObject+DTRuntime.m in Sources */,
				42C040AB1B860000002C4EBF /* ioapi.c in Sources */,
				42C0408C1B860000002C4EBF /* DTFoundationConstants.m in Sources */,
				42C040C21B860000002C4EBF /* DTCustomColoredAccessory.m in Sources */,
				42C040E81B860000002C4EBF /* NSDictionary+DTError.m in Sources */,
				42C0409E1B860000002C4EBF /* NSString+DTUTI.m in Sources */,
				42C0408E1B860000002C4EBF /* DTHTMLParser.m in Sources */,
				42C040DC1B860000002C4EBF /* UIApplication+DTNetworkActivity.m in Sources */,
				42C040E21B860000002C4EBF /* UIWebView+DTFoundation.m in Sources */,
				42C040901B860000002C4EBF /* DTLog.m in Sources */,
				42C040A01B860000002C4EBF /* DTVersion.m in Sources */,
				42C040D81B860000002C4EBF /* DTStripedLayerTile.m in Sources */,
				42C040BC1B860000002C4EBF /* UIView+DTDebug.m in Sources */,
				42C040A31B860000002C4EBF /* DTZipArchive.m in Sources */,
				42C040B41B860000002C4EBF /* DTActionSheet.m in Sources */,
				42C040C41B860000002C4EBF /* DTPieProgressIndicator.m in Sources */,
				42C040AF1B860000002C4EBF /* unzip.c in Sources */,
				42C040D21B860000002C4EBF /* DTSmartPagingScrollView.m in Sources */,
				42C040D61B860000002C4EBF /* DTStripedLayer.m in Sources */,
				42C040CA1B860000002C4EBF /* DTSidePanelController.m in Sources */,
				42C040811B860000002C4EBF /* DTBase64Coding.m in Sources */,
				42C0407F1B860000002C4EBF /* NSURL+DTAWS.m in Sources */,
				42C040C01B860000002C4EBF /* DTAnimatedGIF.m in Sources */,
				42C040881B860000002C4EBF /* DTExtendedFileAttributes.m in Sources */,
				42C040921B860000002C4EBF /* DTReachability.m in Sources */,
				42C040831B860000002C4EBF /* DTBlockFunctions.m in Sources */,
				42C040E41B860000002C4EBF /* NSArray+DTError.m in Sources */,
				42C040C81B860000002C4EBF /* DTProgressHUDWindow.m in Sources */,
				42C040B81B860000002C4EBF /* UIView+DTActionHandlers.m in Sources */,
				42C040CC1B860000002C4EBF /* DTSidePanelControllerSegue.m in Sources */,
				42C040CE1B860000002C4EBF /* DTSidePanelPanGestureRecognizer.m in Sources */,
				42C040EA1B860000002C4EBF /* NSFileWrapper+DTCopying.m in Sources */,
			);
			runOnlyForDeploymentPostprocessing = 0;
		};
/* End PBXSourcesBuildPhase section */

/* Begin PBXTargetDependency section */
		42C0410F1B860148002C4EBF /* PBXTargetDependency */ = {
			isa = PBXTargetDependency;
			target = 42C03FAD1B85FFA8002C4EBF /* DTFoundation */;
			targetProxy = 42C0410E1B860148002C4EBF /* PBXContainerItemProxy */;
		};
/* End PBXTargetDependency section */

/* Begin XCBuildConfiguration section */
		42C03FC01B85FFA8002C4EBF /* Debug */ = {
			isa = XCBuildConfiguration;
			buildSettings = {
				ALWAYS_SEARCH_USER_PATHS = NO;
				ARCHS = (
					"$(ARCHS_STANDARD)",
					armv7s,
				);
				CLANG_CXX_LANGUAGE_STANDARD = "gnu++0x";
				CLANG_CXX_LIBRARY = "libc++";
				CLANG_ENABLE_MODULES = YES;
				CLANG_ENABLE_OBJC_ARC = YES;
				CLANG_WARN_BOOL_CONVERSION = YES;
				CLANG_WARN_CONSTANT_CONVERSION = YES;
				CLANG_WARN_DIRECT_OBJC_ISA_USAGE = YES_ERROR;
				CLANG_WARN_EMPTY_BODY = YES;
				CLANG_WARN_ENUM_CONVERSION = YES;
				CLANG_WARN_INT_CONVERSION = YES;
				CLANG_WARN_OBJC_ROOT_CLASS = YES_ERROR;
				CLANG_WARN_UNREACHABLE_CODE = YES;
				CLANG_WARN__DUPLICATE_METHOD_MATCH = YES;
				COPY_PHASE_STRIP = NO;
				DEAD_CODE_STRIPPING = NO;
				DEBUG_INFORMATION_FORMAT = "dwarf-with-dsym";
				ENABLE_STRICT_OBJC_MSGSEND = YES;
				GCC_C_LANGUAGE_STANDARD = gnu99;
				GCC_DYNAMIC_NO_PIC = NO;
				GCC_NO_COMMON_BLOCKS = YES;
				GCC_OPTIMIZATION_LEVEL = 0;
				GCC_PREFIX_HEADER = "Core/DTFoundation-Prefix.pch";
				GCC_PREPROCESSOR_DEFINITIONS = (
					"DEBUG=1",
					"$(inherited)",
				);
				GCC_SYMBOLS_PRIVATE_EXTERN = NO;
				GCC_WARN_64_TO_32_BIT_CONVERSION = YES;
				GCC_WARN_ABOUT_RETURN_TYPE = YES_ERROR;
				GCC_WARN_UNDECLARED_SELECTOR = YES;
				GCC_WARN_UNINITIALIZED_AUTOS = YES_AGGRESSIVE;
				GCC_WARN_UNUSED_FUNCTION = YES;
				GCC_WARN_UNUSED_VARIABLE = YES;
				HEADER_SEARCH_PATHS = /usr/include/libxml2;
				IPHONEOS_DEPLOYMENT_TARGET = 8.4;
				MTL_ENABLE_DEBUG_INFO = YES;
				ONLY_ACTIVE_ARCH = NO;
				PUBLIC_HEADERS_FOLDER_PATH = "$(PROJECT_NAME)Headers";
				SDKROOT = iphoneos;
				STRIP_STYLE = "non-global";
			};
			name = Debug;
		};
		42C03FC11B85FFA8002C4EBF /* Release */ = {
			isa = XCBuildConfiguration;
			buildSettings = {
				ALWAYS_SEARCH_USER_PATHS = NO;
				ARCHS = (
					"$(ARCHS_STANDARD)",
					armv7s,
				);
				CLANG_CXX_LANGUAGE_STANDARD = "gnu++0x";
				CLANG_CXX_LIBRARY = "libc++";
				CLANG_ENABLE_MODULES = YES;
				CLANG_ENABLE_OBJC_ARC = YES;
				CLANG_WARN_BOOL_CONVERSION = YES;
				CLANG_WARN_CONSTANT_CONVERSION = YES;
				CLANG_WARN_DIRECT_OBJC_ISA_USAGE = YES_ERROR;
				CLANG_WARN_EMPTY_BODY = YES;
				CLANG_WARN_ENUM_CONVERSION = YES;
				CLANG_WARN_INT_CONVERSION = YES;
				CLANG_WARN_OBJC_ROOT_CLASS = YES_ERROR;
				CLANG_WARN_UNREACHABLE_CODE = YES;
				CLANG_WARN__DUPLICATE_METHOD_MATCH = YES;
				COPY_PHASE_STRIP = NO;
				DEAD_CODE_STRIPPING = NO;
				DEBUG_INFORMATION_FORMAT = "dwarf-with-dsym";
				ENABLE_NS_ASSERTIONS = NO;
				ENABLE_STRICT_OBJC_MSGSEND = YES;
				GCC_C_LANGUAGE_STANDARD = gnu99;
				GCC_NO_COMMON_BLOCKS = YES;
				GCC_PREFIX_HEADER = "Core/DTFoundation-Prefix.pch";
				GCC_WARN_64_TO_32_BIT_CONVERSION = YES;
				GCC_WARN_ABOUT_RETURN_TYPE = YES_ERROR;
				GCC_WARN_UNDECLARED_SELECTOR = YES;
				GCC_WARN_UNINITIALIZED_AUTOS = YES_AGGRESSIVE;
				GCC_WARN_UNUSED_FUNCTION = YES;
				GCC_WARN_UNUSED_VARIABLE = YES;
				HEADER_SEARCH_PATHS = /usr/include/libxml2;
				IPHONEOS_DEPLOYMENT_TARGET = 8.4;
				MTL_ENABLE_DEBUG_INFO = NO;
				PUBLIC_HEADERS_FOLDER_PATH = "$(PROJECT_NAME)Headers";
				SDKROOT = iphoneos;
				STRIP_STYLE = "non-global";
				VALIDATE_PRODUCT = YES;
			};
			name = Release;
		};
		42C03FC31B85FFA8002C4EBF /* Debug */ = {
			isa = XCBuildConfiguration;
			buildSettings = {
				OTHER_LDFLAGS = "-ObjC";
				PRODUCT_NAME = "$(TARGET_NAME)";
				SKIP_INSTALL = YES;
			};
			name = Debug;
		};
		42C03FC41B85FFA8002C4EBF /* Release */ = {
			isa = XCBuildConfiguration;
			buildSettings = {
				OTHER_LDFLAGS = "-ObjC";
				PRODUCT_NAME = "$(TARGET_NAME)";
				SKIP_INSTALL = YES;
			};
			name = Release;
		};
		42C0410C1B86013A002C4EBF /* Debug */ = {
			isa = XCBuildConfiguration;
			buildSettings = {
				PRODUCT_NAME = "$(TARGET_NAME)";
			};
			name = Debug;
		};
		42C0410D1B86013A002C4EBF /* Release */ = {
			isa = XCBuildConfiguration;
			buildSettings = {
				PRODUCT_NAME = "$(TARGET_NAME)";
			};
			name = Release;
		};
/* End XCBuildConfiguration section */

/* Begin XCConfigurationList section */
		42C03FA91B85FFA8002C4EBF /* Build configuration list for PBXProject "DTFoundation" */ = {
			isa = XCConfigurationList;
			buildConfigurations = (
				42C03FC01B85FFA8002C4EBF /* Debug */,
				42C03FC11B85FFA8002C4EBF /* Release */,
			);
			defaultConfigurationIsVisible = 0;
			defaultConfigurationName = Release;
		};
		42C03FC21B85FFA8002C4EBF /* Build configuration list for PBXNativeTarget "DTFoundation" */ = {
			isa = XCConfigurationList;
			buildConfigurations = (
				42C03FC31B85FFA8002C4EBF /* Debug */,
				42C03FC41B85FFA8002C4EBF /* Release */,
			);
			defaultConfigurationIsVisible = 0;
			defaultConfigurationName = Release;
		};
		42C0410B1B86013A002C4EBF /* Build configuration list for PBXAggregateTarget "Framework" */ = {
			isa = XCConfigurationList;
			buildConfigurations = (
				42C0410C1B86013A002C4EBF /* Debug */,
				42C0410D1B86013A002C4EBF /* Release */,
			);
			defaultConfigurationIsVisible = 0;
		};
/* End XCConfigurationList section */
	};
	rootObject = 42C03FA61B85FFA8002C4EBF /* Project object */;
}
